// !$*UTF8*$!
{
	archiveVersion = 1;
	classes = {
	};
	objectVersion = 46;
	objects = {

/* Begin PBXBuildFile section */
		39034F211EE79C29009FD68E /* TransitionButton.swift in Sources */ = {isa = PBXBuildFile; fileRef = 39034F201EE79C29009FD68E /* TransitionButton.swift */; };
		39067BAF1EE8C409004B1BEC /* PreviewViewController.swift in Sources */ = {isa = PBXBuildFile; fileRef = 39067BAE1EE8C409004B1BEC /* PreviewViewController.swift */; };
		39067BB11EE8CC7F004B1BEC /* RectButton.swift in Sources */ = {isa = PBXBuildFile; fileRef = 39067BB01EE8CC7F004B1BEC /* RectButton.swift */; };
		39067BB31EE8D4F3004B1BEC /* RectLabel.swift in Sources */ = {isa = PBXBuildFile; fileRef = 39067BB21EE8D4F3004B1BEC /* RectLabel.swift */; };
		39067BB51EE8EAD2004B1BEC /* UserInfo.swift in Sources */ = {isa = PBXBuildFile; fileRef = 39067BB41EE8EAD2004B1BEC /* UserInfo.swift */; };
		39067BB81EEA19E1004B1BEC /* RectView.swift in Sources */ = {isa = PBXBuildFile; fileRef = 39067BB71EEA19E1004B1BEC /* RectView.swift */; };
		390808A21F651FC0009AFEAF /* SwipeResultManager.swift in Sources */ = {isa = PBXBuildFile; fileRef = 390808A11F651FC0009AFEAF /* SwipeResultManager.swift */; };
		391649B01ED2510F003175D1 /* ServerConnection.swift in Sources */ = {isa = PBXBuildFile; fileRef = 391649AF1ED2510F003175D1 /* ServerConnection.swift */; };
		391B0A7C1EDFF8E800E9884C /* CropEditViewController.swift in Sources */ = {isa = PBXBuildFile; fileRef = 391B0A7B1EDFF8E800E9884C /* CropEditViewController.swift */; };
		391B0A7E1EE05EFC00E9884C /* MaskView.swift in Sources */ = {isa = PBXBuildFile; fileRef = 391B0A7D1EE05EFC00E9884C /* MaskView.swift */; };
		391B0A801EE071F400E9884C /* SnapshotViewController.swift in Sources */ = {isa = PBXBuildFile; fileRef = 391B0A7F1EE071F400E9884C /* SnapshotViewController.swift */; };
		392380EE1F64256100F53E40 /* CalculateProfileEdited.swift in Sources */ = {isa = PBXBuildFile; fileRef = 392380ED1F64256100F53E40 /* CalculateProfileEdited.swift */; };
		392DB4FA1F403228000A32C2 /* ReadyMainViewController.swift in Sources */ = {isa = PBXBuildFile; fileRef = 392DB4F91F403228000A32C2 /* ReadyMainViewController.swift */; };
		392DB4FC1F403550000A32C2 /* ChoiceStatusViewController.swift in Sources */ = {isa = PBXBuildFile; fileRef = 392DB4FB1F40354F000A32C2 /* ChoiceStatusViewController.swift */; };
		392DB4FE1F41348D000A32C2 /* ProfileAnnotationViewController.swift in Sources */ = {isa = PBXBuildFile; fileRef = 392DB4FD1F41348D000A32C2 /* ProfileAnnotationViewController.swift */; };
		392DB5001F417FCF000A32C2 /* NoUserViewController.swift in Sources */ = {isa = PBXBuildFile; fileRef = 392DB4FF1F417FCF000A32C2 /* NoUserViewController.swift */; };
		392DB5021F42B6C9000A32C2 /* OptionLabel.swift in Sources */ = {isa = PBXBuildFile; fileRef = 392DB5011F42B6C9000A32C2 /* OptionLabel.swift */; };
		392DB5041F42BC9A000A32C2 /* RegisterCompanyViewController.swift in Sources */ = {isa = PBXBuildFile; fileRef = 392DB5031F42BC9A000A32C2 /* RegisterCompanyViewController.swift */; };
		392DB5421F43DCAF000A32C2 /* Profile.storyboard in Resources */ = {isa = PBXBuildFile; fileRef = 392DB5411F43DCAF000A32C2 /* Profile.storyboard */; };
		392DB5441F43E164000A32C2 /* RecruiterProfileViewController.swift in Sources */ = {isa = PBXBuildFile; fileRef = 392DB5431F43E164000A32C2 /* RecruiterProfileViewController.swift */; };
		392DB5461F43E9D2000A32C2 /* TitleAndContentTableViewCell.swift in Sources */ = {isa = PBXBuildFile; fileRef = 392DB5451F43E9D2000A32C2 /* TitleAndContentTableViewCell.swift */; };
		392DB5481F446406000A32C2 /* OgoriViewController.swift in Sources */ = {isa = PBXBuildFile; fileRef = 392DB5471F446406000A32C2 /* OgoriViewController.swift */; };
		392DB54A1F446446000A32C2 /* ImageAndLabelTableViewCell.swift in Sources */ = {isa = PBXBuildFile; fileRef = 392DB5491F446446000A32C2 /* ImageAndLabelTableViewCell.swift */; };
		392DB54C1F45B084000A32C2 /* DetailTableViewCell.swift in Sources */ = {isa = PBXBuildFile; fileRef = 392DB54B1F45B084000A32C2 /* DetailTableViewCell.swift */; };
		392DB5521F45BA8E000A32C2 /* DetailStudentViewControllerTest.swift in Sources */ = {isa = PBXBuildFile; fileRef = 392DB5511F45BA8E000A32C2 /* DetailStudentViewControllerTest.swift */; };
		392ED6841EC0C669003EB555 /* AppDelegate.swift in Sources */ = {isa = PBXBuildFile; fileRef = 392ED6831EC0C669003EB555 /* AppDelegate.swift */; };
		392ED6861EC0C669003EB555 /* LocationSearchViewController.swift in Sources */ = {isa = PBXBuildFile; fileRef = 392ED6851EC0C669003EB555 /* LocationSearchViewController.swift */; };
		392ED6891EC0C669003EB555 /* Main.storyboard in Resources */ = {isa = PBXBuildFile; fileRef = 392ED6871EC0C669003EB555 /* Main.storyboard */; };
		392ED68E1EC0C669003EB555 /* LaunchScreen.storyboard in Resources */ = {isa = PBXBuildFile; fileRef = 392ED68C1EC0C669003EB555 /* LaunchScreen.storyboard */; };
		392ED6991EC0C669003EB555 /* prototype04Tests.swift in Sources */ = {isa = PBXBuildFile; fileRef = 392ED6981EC0C669003EB555 /* prototype04Tests.swift */; };
		392ED6A41EC0C669003EB555 /* prototype04UITests.swift in Sources */ = {isa = PBXBuildFile; fileRef = 392ED6A31EC0C669003EB555 /* prototype04UITests.swift */; };
		392ED6B41EC0E7BE003EB555 /* UserCard.swift in Sources */ = {isa = PBXBuildFile; fileRef = 392ED6B31EC0E7BE003EB555 /* UserCard.swift */; };
		392ED6B81EC2A49B003EB555 /* CustomTableViewCell.swift in Sources */ = {isa = PBXBuildFile; fileRef = 392ED6B71EC2A49B003EB555 /* CustomTableViewCell.swift */; };
		392ED6BA1EC31CDF003EB555 /* ProfileViewController.swift in Sources */ = {isa = PBXBuildFile; fileRef = 392ED6B91EC31CDF003EB555 /* ProfileViewController.swift */; };
		392ED6BE1EC3E529003EB555 /* SampleViewController.swift in Sources */ = {isa = PBXBuildFile; fileRef = 392ED6BD1EC3E529003EB555 /* SampleViewController.swift */; };
		392ED6C21EC43C1B003EB555 /* UIColor.swift in Sources */ = {isa = PBXBuildFile; fileRef = 392ED6C11EC43C1B003EB555 /* UIColor.swift */; };
		392ED6CE1EC6216E003EB555 /* UILabelBtmBorder.swift in Sources */ = {isa = PBXBuildFile; fileRef = 392ED6CD1EC6216E003EB555 /* UILabelBtmBorder.swift */; };
		392ED70E1EC7FB0A003EB555 /* Animation.swift in Sources */ = {isa = PBXBuildFile; fileRef = 392ED70D1EC7FB0A003EB555 /* Animation.swift */; };
		392ED7121ECA9D7F003EB555 /* TagTestViewController.swift in Sources */ = {isa = PBXBuildFile; fileRef = 392ED7111ECA9D7F003EB555 /* TagTestViewController.swift */; };
		392ED7141ECAB417003EB555 /* flagButton.swift in Sources */ = {isa = PBXBuildFile; fileRef = 392ED7131ECAB417003EB555 /* flagButton.swift */; };
		392ED7161ECC5A1C003EB555 /* NonCaretTextField.swift in Sources */ = {isa = PBXBuildFile; fileRef = 392ED7151ECC5A1C003EB555 /* NonCaretTextField.swift */; };
		392ED71C1ECD8535003EB555 /* RadialGradientLayer.swift in Sources */ = {isa = PBXBuildFile; fileRef = 392ED71B1ECD8535003EB555 /* RadialGradientLayer.swift */; };
		392ED7201ECDFB9C003EB555 /* JobTagTitleList.swift in Sources */ = {isa = PBXBuildFile; fileRef = 392ED71F1ECDFB9C003EB555 /* JobTagTitleList.swift */; };
		392ED7241ECE044C003EB555 /* Enum.swift in Sources */ = {isa = PBXBuildFile; fileRef = 392ED7231ECE044C003EB555 /* Enum.swift */; };
		392ED7261ECED0B0003EB555 /* UserDefaultSetting.swift in Sources */ = {isa = PBXBuildFile; fileRef = 392ED7251ECED0B0003EB555 /* UserDefaultSetting.swift */; };
		39381EA01F2B3A5000DF8BAD /* MainViewControllerTest.swift in Sources */ = {isa = PBXBuildFile; fileRef = 39381E9F1F2B3A5000DF8BAD /* MainViewControllerTest.swift */; };
		39381EA21F2B3DFF00DF8BAD /* MainUserDetailViewController.swift in Sources */ = {isa = PBXBuildFile; fileRef = 39381EA11F2B3DFF00DF8BAD /* MainUserDetailViewController.swift */; };
		39381EA41F2B44FE00DF8BAD /* userData.swift in Sources */ = {isa = PBXBuildFile; fileRef = 39381EA31F2B44FE00DF8BAD /* userData.swift */; };
		39381EA61F2D55EC00DF8BAD /* DateUtils.swift in Sources */ = {isa = PBXBuildFile; fileRef = 39381EA51F2D55EC00DF8BAD /* DateUtils.swift */; };
		39381EA81F2D62A500DF8BAD /* StackViewTestViewController.swift in Sources */ = {isa = PBXBuildFile; fileRef = 39381EA71F2D62A500DF8BAD /* StackViewTestViewController.swift */; };
		39381EAA1F2EC6DE00DF8BAD /* SimpleTableViewCell.swift in Sources */ = {isa = PBXBuildFile; fileRef = 39381EA91F2EC6DE00DF8BAD /* SimpleTableViewCell.swift */; };
		39381EAC1F2ECBB100DF8BAD /* ThreeContentTableViewCell.swift in Sources */ = {isa = PBXBuildFile; fileRef = 39381EAB1F2ECBB100DF8BAD /* ThreeContentTableViewCell.swift */; };
		39381EAE1F2F710B00DF8BAD /* labelAndLinkTextViewTableViewCell.swift in Sources */ = {isa = PBXBuildFile; fileRef = 39381EAD1F2F710B00DF8BAD /* labelAndLinkTextViewTableViewCell.swift */; };
		39381EB01F300EB400DF8BAD /* MessageUserDetailViewController.swift in Sources */ = {isa = PBXBuildFile; fileRef = 39381EAF1F300EB400DF8BAD /* MessageUserDetailViewController.swift */; };
		394259DE1F204E8200413A30 /* ProfileEditViewController2.swift in Sources */ = {isa = PBXBuildFile; fileRef = 394259DD1F204E8200413A30 /* ProfileEditViewController2.swift */; };
		394259E01F20544800413A30 /* ProfileEditTableViewCell.swift in Sources */ = {isa = PBXBuildFile; fileRef = 394259DF1F20544800413A30 /* ProfileEditTableViewCell.swift */; };
		394571221F028289009DD806 /* LocationSearchViewControllerDemo.swift in Sources */ = {isa = PBXBuildFile; fileRef = 394571211F028289009DD806 /* LocationSearchViewControllerDemo.swift */; };
		394571251F037F2B009DD806 /* MessageTableViewCellDemo.swift in Sources */ = {isa = PBXBuildFile; fileRef = 394571241F037F2B009DD806 /* MessageTableViewCellDemo.swift */; };
		394571271F038BCB009DD806 /* testViewController.swift in Sources */ = {isa = PBXBuildFile; fileRef = 394571261F038BCB009DD806 /* testViewController.swift */; };
		3945712B1F039214009DD806 /* ChatViewController.swift in Sources */ = {isa = PBXBuildFile; fileRef = 3945712A1F039214009DD806 /* ChatViewController.swift */; };
		3945712D1F03B53D009DD806 /* GoogleService-Info.plist in Resources */ = {isa = PBXBuildFile; fileRef = 3945712C1F03B53D009DD806 /* GoogleService-Info.plist */; };
		394E31D21EEAE9C70005F362 /* ClickableTextView.swift in Sources */ = {isa = PBXBuildFile; fileRef = 394E31D11EEAE9C70005F362 /* ClickableTextView.swift */; };
		3998300B1F46975800E5159B /* MessageStudentTableViewCell.swift in Sources */ = {isa = PBXBuildFile; fileRef = 3998300A1F46975800E5159B /* MessageStudentTableViewCell.swift */; };
		39AA1F061F2A462000DDD086 /* AppealEditViewController.swift in Sources */ = {isa = PBXBuildFile; fileRef = 39AA1F051F2A462000DDD086 /* AppealEditViewController.swift */; };
		39AA1F0C1F2B16D000DDD086 /* BasicUserTableViewCell.swift in Sources */ = {isa = PBXBuildFile; fileRef = 39AA1F0B1F2B16D000DDD086 /* BasicUserTableViewCell.swift */; };
		39AA1F0E1F2B16E200DDD086 /* DetailUserTableViewCell.swift in Sources */ = {isa = PBXBuildFile; fileRef = 39AA1F0D1F2B16E200DDD086 /* DetailUserTableViewCell.swift */; };
		39B1052E1ED58AD500DF49A4 /* messageTableViewCell.swift in Sources */ = {isa = PBXBuildFile; fileRef = 39B1052D1ED58AD500DF49A4 /* messageTableViewCell.swift */; };
		39B315381F0477EA0038F5BC /* Images.xcassets in Resources */ = {isa = PBXBuildFile; fileRef = 39B315371F0477EA0038F5BC /* Images.xcassets */; };
		39CB9AD11F47252A00C991FE /* InquiryViewController.swift in Sources */ = {isa = PBXBuildFile; fileRef = 39CB9AD01F47252A00C991FE /* InquiryViewController.swift */; };
		39CB9B241F493FE900C991FE /* Demo.storyboard in Resources */ = {isa = PBXBuildFile; fileRef = 39CB9B231F493FE900C991FE /* Demo.storyboard */; };
		39CB9B771F49627300C991FE /* DemoViewController.swift in Sources */ = {isa = PBXBuildFile; fileRef = 39CB9B761F49627300C991FE /* DemoViewController.swift */; };
		39CB9B7E1F49660200C991FE /* demo.mp4 in Resources */ = {isa = PBXBuildFile; fileRef = 39CB9B7D1F49660200C991FE /* demo.mp4 */; };
		39CB9B851F49F90800C991FE /* LounchViewController.swift in Sources */ = {isa = PBXBuildFile; fileRef = 39CB9B841F49F90800C991FE /* LounchViewController.swift */; };
		39CD02191F370C7A00E1273E /* MatchingViewController.swift in Sources */ = {isa = PBXBuildFile; fileRef = 39CD02181F370C7A00E1273E /* MatchingViewController.swift */; };
		39CD021B1F374BE000E1273E /* ProfileViewControllerTest.swift in Sources */ = {isa = PBXBuildFile; fileRef = 39CD021A1F374BE000E1273E /* ProfileViewControllerTest.swift */; };
		39CD021D1F38129B00E1273E /* BelongingEditViewController.swift in Sources */ = {isa = PBXBuildFile; fileRef = 39CD021C1F38129B00E1273E /* BelongingEditViewController.swift */; };
		39CD02211F3C7BB600E1273E /* Register.storyboard in Resources */ = {isa = PBXBuildFile; fileRef = 39CD02201F3C7BB600E1273E /* Register.storyboard */; };
		39CD02231F3C976600E1273E /* Assets.xcassets in Resources */ = {isa = PBXBuildFile; fileRef = 39CD02221F3C976600E1273E /* Assets.xcassets */; };
		39CD02261F3D2B7A00E1273E /* RegisterBasicInfoViewController.swift in Sources */ = {isa = PBXBuildFile; fileRef = 39CD02251F3D2B7A00E1273E /* RegisterBasicInfoViewController.swift */; };
		39CD02621F3D54C400E1273E /* RegisterEducationViewController.swift in Sources */ = {isa = PBXBuildFile; fileRef = 39CD02611F3D54C400E1273E /* RegisterEducationViewController.swift */; };
		39CD02641F3D54DB00E1273E /* RegisterInterestViewController.swift in Sources */ = {isa = PBXBuildFile; fileRef = 39CD02631F3D54DB00E1273E /* RegisterInterestViewController.swift */; };
		39CD02661F3D54F500E1273E /* RegisterUserFeatureViewController.swift in Sources */ = {isa = PBXBuildFile; fileRef = 39CD02651F3D54F500E1273E /* RegisterUserFeatureViewController.swift */; };
		39CD02681F3D550F00E1273E /* RegisterSelfIntroductionViewController.swift in Sources */ = {isa = PBXBuildFile; fileRef = 39CD02671F3D550F00E1273E /* RegisterSelfIntroductionViewController.swift */; };
		39CD026A1F3D7AC400E1273E /* First.storyboard in Resources */ = {isa = PBXBuildFile; fileRef = 39CD02691F3D7AC400E1273E /* First.storyboard */; };
		39CD026C1F3DE25D00E1273E /* LoginViewController.swift in Sources */ = {isa = PBXBuildFile; fileRef = 39CD026B1F3DE25D00E1273E /* LoginViewController.swift */; };
		39CD026E1F3DE28900E1273E /* RegisterMailViewController.swift in Sources */ = {isa = PBXBuildFile; fileRef = 39CD026D1F3DE28900E1273E /* RegisterMailViewController.swift */; };
		39CD02701F3DF70300E1273E /* MailModalViewController.swift in Sources */ = {isa = PBXBuildFile; fileRef = 39CD026F1F3DF70300E1273E /* MailModalViewController.swift */; };
		39CD02721F3E831D00E1273E /* AssessmentViewController.swift in Sources */ = {isa = PBXBuildFile; fileRef = 39CD02711F3E831D00E1273E /* AssessmentViewController.swift */; };
		39CD02741F3E8B6700E1273E /* MustLabel.swift in Sources */ = {isa = PBXBuildFile; fileRef = 39CD02731F3E8B6700E1273E /* MustLabel.swift */; };
		39CD02761F3E9A8D00E1273E /* RegisterImageViewController.swift in Sources */ = {isa = PBXBuildFile; fileRef = 39CD02751F3E9A8D00E1273E /* RegisterImageViewController.swift */; };
		39CD02781F3EA1DD00E1273E /* my.swift in Sources */ = {isa = PBXBuildFile; fileRef = 39CD02771F3EA1DD00E1273E /* my.swift */; };
		39CD027A1F3EBACF00E1273E /* ProfileRegistrationViewController.swift in Sources */ = {isa = PBXBuildFile; fileRef = 39CD02791F3EBACF00E1273E /* ProfileRegistrationViewController.swift */; };
		39CD027C1F3FCEBA00E1273E /* User.swift in Sources */ = {isa = PBXBuildFile; fileRef = 39CD027B1F3FCEBA00E1273E /* User.swift */; };
		39D5F0AF1EFF900B00418FEA /* TagLabel.swift in Sources */ = {isa = PBXBuildFile; fileRef = 39D5F0AE1EFF900B00418FEA /* TagLabel.swift */; };
		39D5F0B71F008D0400418FEA /* ContainerViewControllerTest.swift in Sources */ = {isa = PBXBuildFile; fileRef = 39D5F0B61F008D0400418FEA /* ContainerViewControllerTest.swift */; };
		39D5F0B91F00B27900418FEA /* MessageViewControllerTest.swift in Sources */ = {isa = PBXBuildFile; fileRef = 39D5F0B81F00B27900418FEA /* MessageViewControllerTest.swift */; };
		39DED7C11F291B08003083DC /* EditProfileViewControllerTest.swift in Sources */ = {isa = PBXBuildFile; fileRef = 39DED7C01F291B08003083DC /* EditProfileViewControllerTest.swift */; };
		39DED7C31F291B75003083DC /* SelfIntroEditViewController.swift in Sources */ = {isa = PBXBuildFile; fileRef = 39DED7C21F291B75003083DC /* SelfIntroEditViewController.swift */; };
		39DED7C51F292031003083DC /* BasicTableViewCell.swift in Sources */ = {isa = PBXBuildFile; fileRef = 39DED7C41F292031003083DC /* BasicTableViewCell.swift */; };
		39DED7C71F292802003083DC /* EducationTableViewCell.swift in Sources */ = {isa = PBXBuildFile; fileRef = 39DED7C61F292802003083DC /* EducationTableViewCell.swift */; };
		39DED7C91F292AE3003083DC /* EducationEditTableViewCell.swift in Sources */ = {isa = PBXBuildFile; fileRef = 39DED7C81F292AE3003083DC /* EducationEditTableViewCell.swift */; };
		39DED7CB1F292B20003083DC /* EducationEditViewController.swift in Sources */ = {isa = PBXBuildFile; fileRef = 39DED7CA1F292B20003083DC /* EducationEditViewController.swift */; };
		39DED7CD1F2939D6003083DC /* GoodPointEditViewController.swift in Sources */ = {isa = PBXBuildFile; fileRef = 39DED7CC1F2939D6003083DC /* GoodPointEditViewController.swift */; };
		39DED7CF1F2939E5003083DC /* BadPointEditViewController.swift in Sources */ = {isa = PBXBuildFile; fileRef = 39DED7CE1F2939E5003083DC /* BadPointEditViewController.swift */; };
		39DED7D11F293C15003083DC /* SkillEditViewController.swift in Sources */ = {isa = PBXBuildFile; fileRef = 39DED7D01F293C15003083DC /* SkillEditViewController.swift */; };
		39DED7D31F2A126E003083DC /* EditableTagButton.swift in Sources */ = {isa = PBXBuildFile; fileRef = 39DED7D21F2A126E003083DC /* EditableTagButton.swift */; };
		39DED7D51F2A1C7B003083DC /* InterestingViewController.swift in Sources */ = {isa = PBXBuildFile; fileRef = 39DED7D41F2A1C7B003083DC /* InterestingViewController.swift */; };
		39DED7D71F2A3818003083DC /* TagButton.swift in Sources */ = {isa = PBXBuildFile; fileRef = 39DED7D61F2A3817003083DC /* TagButton.swift */; };
		5370497DE4C6BE4E93FB8933 /* Pods_prototype04.framework in Frameworks */ = {isa = PBXBuildFile; fileRef = C527F672B89E1D9767CE4307 /* Pods_prototype04.framework */; };
		645F4532B9E056EA983C3E70 /* Pods_prototype04UITests.framework in Frameworks */ = {isa = PBXBuildFile; fileRef = DD51314212AA6891A187D99F /* Pods_prototype04UITests.framework */; };
		75FDA3C329CD228207C4ADA9 /* Pods_prototype04Tests.framework in Frameworks */ = {isa = PBXBuildFile; fileRef = 3147D0B7174B1B52F62D967F /* Pods_prototype04Tests.framework */; };
/* End PBXBuildFile section */

/* Begin PBXContainerItemProxy section */
		392ED6951EC0C669003EB555 /* PBXContainerItemProxy */ = {
			isa = PBXContainerItemProxy;
			containerPortal = 392ED6781EC0C669003EB555 /* Project object */;
			proxyType = 1;
			remoteGlobalIDString = 392ED67F1EC0C669003EB555;
			remoteInfo = prototype04;
		};
		392ED6A01EC0C669003EB555 /* PBXContainerItemProxy */ = {
			isa = PBXContainerItemProxy;
			containerPortal = 392ED6781EC0C669003EB555 /* Project object */;
			proxyType = 1;
			remoteGlobalIDString = 392ED67F1EC0C669003EB555;
			remoteInfo = prototype04;
		};
/* End PBXContainerItemProxy section */

/* Begin PBXFileReference section */
		3147D0B7174B1B52F62D967F /* Pods_prototype04Tests.framework */ = {isa = PBXFileReference; explicitFileType = wrapper.framework; includeInIndex = 0; path = Pods_prototype04Tests.framework; sourceTree = BUILT_PRODUCTS_DIR; };
		39034F201EE79C29009FD68E /* TransitionButton.swift */ = {isa = PBXFileReference; fileEncoding = 4; lastKnownFileType = sourcecode.swift; path = TransitionButton.swift; sourceTree = "<group>"; };
		39067BAE1EE8C409004B1BEC /* PreviewViewController.swift */ = {isa = PBXFileReference; fileEncoding = 4; lastKnownFileType = sourcecode.swift; path = PreviewViewController.swift; sourceTree = "<group>"; };
		39067BB01EE8CC7F004B1BEC /* RectButton.swift */ = {isa = PBXFileReference; fileEncoding = 4; lastKnownFileType = sourcecode.swift; path = RectButton.swift; sourceTree = "<group>"; };
		39067BB21EE8D4F3004B1BEC /* RectLabel.swift */ = {isa = PBXFileReference; fileEncoding = 4; lastKnownFileType = sourcecode.swift; path = RectLabel.swift; sourceTree = "<group>"; };
		39067BB41EE8EAD2004B1BEC /* UserInfo.swift */ = {isa = PBXFileReference; fileEncoding = 4; lastKnownFileType = sourcecode.swift; path = UserInfo.swift; sourceTree = "<group>"; };
		39067BB71EEA19E1004B1BEC /* RectView.swift */ = {isa = PBXFileReference; fileEncoding = 4; lastKnownFileType = sourcecode.swift; path = RectView.swift; sourceTree = "<group>"; };
		390808A11F651FC0009AFEAF /* SwipeResultManager.swift */ = {isa = PBXFileReference; fileEncoding = 4; lastKnownFileType = sourcecode.swift; path = SwipeResultManager.swift; sourceTree = "<group>"; };
		391649AF1ED2510F003175D1 /* ServerConnection.swift */ = {isa = PBXFileReference; fileEncoding = 4; lastKnownFileType = sourcecode.swift; path = ServerConnection.swift; sourceTree = "<group>"; };
		391B0A7B1EDFF8E800E9884C /* CropEditViewController.swift */ = {isa = PBXFileReference; fileEncoding = 4; lastKnownFileType = sourcecode.swift; path = CropEditViewController.swift; sourceTree = "<group>"; };
		391B0A7D1EE05EFC00E9884C /* MaskView.swift */ = {isa = PBXFileReference; fileEncoding = 4; lastKnownFileType = sourcecode.swift; path = MaskView.swift; sourceTree = "<group>"; };
		391B0A7F1EE071F400E9884C /* SnapshotViewController.swift */ = {isa = PBXFileReference; fileEncoding = 4; lastKnownFileType = sourcecode.swift; path = SnapshotViewController.swift; sourceTree = "<group>"; };
		392380ED1F64256100F53E40 /* CalculateProfileEdited.swift */ = {isa = PBXFileReference; fileEncoding = 4; lastKnownFileType = sourcecode.swift; path = CalculateProfileEdited.swift; sourceTree = "<group>"; };
		392DB4F91F403228000A32C2 /* ReadyMainViewController.swift */ = {isa = PBXFileReference; fileEncoding = 4; lastKnownFileType = sourcecode.swift; path = ReadyMainViewController.swift; sourceTree = "<group>"; };
		392DB4FB1F40354F000A32C2 /* ChoiceStatusViewController.swift */ = {isa = PBXFileReference; fileEncoding = 4; lastKnownFileType = sourcecode.swift; path = ChoiceStatusViewController.swift; sourceTree = "<group>"; };
		392DB4FD1F41348D000A32C2 /* ProfileAnnotationViewController.swift */ = {isa = PBXFileReference; fileEncoding = 4; lastKnownFileType = sourcecode.swift; path = ProfileAnnotationViewController.swift; sourceTree = "<group>"; };
		392DB4FF1F417FCF000A32C2 /* NoUserViewController.swift */ = {isa = PBXFileReference; fileEncoding = 4; lastKnownFileType = sourcecode.swift; path = NoUserViewController.swift; sourceTree = "<group>"; };
		392DB5011F42B6C9000A32C2 /* OptionLabel.swift */ = {isa = PBXFileReference; fileEncoding = 4; lastKnownFileType = sourcecode.swift; path = OptionLabel.swift; sourceTree = "<group>"; };
		392DB5031F42BC9A000A32C2 /* RegisterCompanyViewController.swift */ = {isa = PBXFileReference; fileEncoding = 4; lastKnownFileType = sourcecode.swift; name = RegisterCompanyViewController.swift; path = ../RegisterCompanyViewController.swift; sourceTree = "<group>"; };
		392DB5411F43DCAF000A32C2 /* Profile.storyboard */ = {isa = PBXFileReference; fileEncoding = 4; lastKnownFileType = file.storyboard; path = Profile.storyboard; sourceTree = "<group>"; };
		392DB5431F43E164000A32C2 /* RecruiterProfileViewController.swift */ = {isa = PBXFileReference; fileEncoding = 4; lastKnownFileType = sourcecode.swift; path = RecruiterProfileViewController.swift; sourceTree = "<group>"; };
		392DB5451F43E9D2000A32C2 /* TitleAndContentTableViewCell.swift */ = {isa = PBXFileReference; fileEncoding = 4; lastKnownFileType = sourcecode.swift; path = TitleAndContentTableViewCell.swift; sourceTree = "<group>"; };
		392DB5471F446406000A32C2 /* OgoriViewController.swift */ = {isa = PBXFileReference; fileEncoding = 4; lastKnownFileType = sourcecode.swift; path = OgoriViewController.swift; sourceTree = "<group>"; };
		392DB5491F446446000A32C2 /* ImageAndLabelTableViewCell.swift */ = {isa = PBXFileReference; fileEncoding = 4; lastKnownFileType = sourcecode.swift; path = ImageAndLabelTableViewCell.swift; sourceTree = "<group>"; };
		392DB54B1F45B084000A32C2 /* DetailTableViewCell.swift */ = {isa = PBXFileReference; fileEncoding = 4; lastKnownFileType = sourcecode.swift; path = DetailTableViewCell.swift; sourceTree = "<group>"; };
		392DB5511F45BA8E000A32C2 /* DetailStudentViewControllerTest.swift */ = {isa = PBXFileReference; fileEncoding = 4; lastKnownFileType = sourcecode.swift; path = DetailStudentViewControllerTest.swift; sourceTree = "<group>"; };
		392ED6801EC0C669003EB555 /* prototype04.app */ = {isa = PBXFileReference; explicitFileType = wrapper.application; includeInIndex = 0; path = prototype04.app; sourceTree = BUILT_PRODUCTS_DIR; };
		392ED6831EC0C669003EB555 /* AppDelegate.swift */ = {isa = PBXFileReference; lastKnownFileType = sourcecode.swift; path = AppDelegate.swift; sourceTree = "<group>"; };
		392ED6851EC0C669003EB555 /* LocationSearchViewController.swift */ = {isa = PBXFileReference; lastKnownFileType = sourcecode.swift; path = LocationSearchViewController.swift; sourceTree = "<group>"; };
		392ED6881EC0C669003EB555 /* Base */ = {isa = PBXFileReference; lastKnownFileType = file.storyboard; name = Base; path = Base.lproj/Main.storyboard; sourceTree = "<group>"; };
		392ED68D1EC0C669003EB555 /* Base */ = {isa = PBXFileReference; lastKnownFileType = file.storyboard; name = Base; path = Base.lproj/LaunchScreen.storyboard; sourceTree = "<group>"; };
		392ED68F1EC0C669003EB555 /* Info.plist */ = {isa = PBXFileReference; lastKnownFileType = text.plist.xml; path = Info.plist; sourceTree = "<group>"; };
		392ED6941EC0C669003EB555 /* prototype04Tests.xctest */ = {isa = PBXFileReference; explicitFileType = wrapper.cfbundle; includeInIndex = 0; path = prototype04Tests.xctest; sourceTree = BUILT_PRODUCTS_DIR; };
		392ED6981EC0C669003EB555 /* prototype04Tests.swift */ = {isa = PBXFileReference; lastKnownFileType = sourcecode.swift; path = prototype04Tests.swift; sourceTree = "<group>"; };
		392ED69A1EC0C669003EB555 /* Info.plist */ = {isa = PBXFileReference; lastKnownFileType = text.plist.xml; path = Info.plist; sourceTree = "<group>"; };
		392ED69F1EC0C669003EB555 /* prototype04UITests.xctest */ = {isa = PBXFileReference; explicitFileType = wrapper.cfbundle; includeInIndex = 0; path = prototype04UITests.xctest; sourceTree = BUILT_PRODUCTS_DIR; };
		392ED6A31EC0C669003EB555 /* prototype04UITests.swift */ = {isa = PBXFileReference; lastKnownFileType = sourcecode.swift; path = prototype04UITests.swift; sourceTree = "<group>"; };
		392ED6A51EC0C669003EB555 /* Info.plist */ = {isa = PBXFileReference; lastKnownFileType = text.plist.xml; path = Info.plist; sourceTree = "<group>"; };
		392ED6B31EC0E7BE003EB555 /* UserCard.swift */ = {isa = PBXFileReference; fileEncoding = 4; lastKnownFileType = sourcecode.swift; path = UserCard.swift; sourceTree = "<group>"; };
		392ED6B71EC2A49B003EB555 /* CustomTableViewCell.swift */ = {isa = PBXFileReference; fileEncoding = 4; lastKnownFileType = sourcecode.swift; path = CustomTableViewCell.swift; sourceTree = "<group>"; };
		392ED6B91EC31CDF003EB555 /* ProfileViewController.swift */ = {isa = PBXFileReference; fileEncoding = 4; lastKnownFileType = sourcecode.swift; path = ProfileViewController.swift; sourceTree = "<group>"; };
		392ED6BD1EC3E529003EB555 /* SampleViewController.swift */ = {isa = PBXFileReference; fileEncoding = 4; lastKnownFileType = sourcecode.swift; path = SampleViewController.swift; sourceTree = "<group>"; };
		392ED6C11EC43C1B003EB555 /* UIColor.swift */ = {isa = PBXFileReference; fileEncoding = 4; lastKnownFileType = sourcecode.swift; path = UIColor.swift; sourceTree = "<group>"; };
		392ED6CD1EC6216E003EB555 /* UILabelBtmBorder.swift */ = {isa = PBXFileReference; fileEncoding = 4; lastKnownFileType = sourcecode.swift; path = UILabelBtmBorder.swift; sourceTree = "<group>"; };
		392ED70D1EC7FB0A003EB555 /* Animation.swift */ = {isa = PBXFileReference; fileEncoding = 4; lastKnownFileType = sourcecode.swift; path = Animation.swift; sourceTree = "<group>"; };
		392ED7111ECA9D7F003EB555 /* TagTestViewController.swift */ = {isa = PBXFileReference; fileEncoding = 4; lastKnownFileType = sourcecode.swift; path = TagTestViewController.swift; sourceTree = "<group>"; };
		392ED7131ECAB417003EB555 /* flagButton.swift */ = {isa = PBXFileReference; fileEncoding = 4; lastKnownFileType = sourcecode.swift; path = flagButton.swift; sourceTree = "<group>"; };
		392ED7151ECC5A1C003EB555 /* NonCaretTextField.swift */ = {isa = PBXFileReference; fileEncoding = 4; lastKnownFileType = sourcecode.swift; path = NonCaretTextField.swift; sourceTree = "<group>"; };
		392ED71B1ECD8535003EB555 /* RadialGradientLayer.swift */ = {isa = PBXFileReference; fileEncoding = 4; lastKnownFileType = sourcecode.swift; path = RadialGradientLayer.swift; sourceTree = "<group>"; };
		392ED71F1ECDFB9C003EB555 /* JobTagTitleList.swift */ = {isa = PBXFileReference; fileEncoding = 4; lastKnownFileType = sourcecode.swift; path = JobTagTitleList.swift; sourceTree = "<group>"; };
		392ED7231ECE044C003EB555 /* Enum.swift */ = {isa = PBXFileReference; fileEncoding = 4; lastKnownFileType = sourcecode.swift; path = Enum.swift; sourceTree = "<group>"; };
		392ED7251ECED0B0003EB555 /* UserDefaultSetting.swift */ = {isa = PBXFileReference; fileEncoding = 4; lastKnownFileType = sourcecode.swift; path = UserDefaultSetting.swift; sourceTree = "<group>"; };
		39381E9F1F2B3A5000DF8BAD /* MainViewControllerTest.swift */ = {isa = PBXFileReference; fileEncoding = 4; lastKnownFileType = sourcecode.swift; path = MainViewControllerTest.swift; sourceTree = "<group>"; };
		39381EA11F2B3DFF00DF8BAD /* MainUserDetailViewController.swift */ = {isa = PBXFileReference; fileEncoding = 4; lastKnownFileType = sourcecode.swift; path = MainUserDetailViewController.swift; sourceTree = "<group>"; };
		39381EA31F2B44FE00DF8BAD /* userData.swift */ = {isa = PBXFileReference; fileEncoding = 4; lastKnownFileType = sourcecode.swift; path = userData.swift; sourceTree = "<group>"; };
		39381EA51F2D55EC00DF8BAD /* DateUtils.swift */ = {isa = PBXFileReference; fileEncoding = 4; lastKnownFileType = sourcecode.swift; path = DateUtils.swift; sourceTree = "<group>"; };
		39381EA71F2D62A500DF8BAD /* StackViewTestViewController.swift */ = {isa = PBXFileReference; fileEncoding = 4; lastKnownFileType = sourcecode.swift; path = StackViewTestViewController.swift; sourceTree = "<group>"; };
		39381EA91F2EC6DE00DF8BAD /* SimpleTableViewCell.swift */ = {isa = PBXFileReference; fileEncoding = 4; lastKnownFileType = sourcecode.swift; path = SimpleTableViewCell.swift; sourceTree = "<group>"; };
		39381EAB1F2ECBB100DF8BAD /* ThreeContentTableViewCell.swift */ = {isa = PBXFileReference; fileEncoding = 4; lastKnownFileType = sourcecode.swift; path = ThreeContentTableViewCell.swift; sourceTree = "<group>"; };
		39381EAD1F2F710B00DF8BAD /* labelAndLinkTextViewTableViewCell.swift */ = {isa = PBXFileReference; fileEncoding = 4; lastKnownFileType = sourcecode.swift; path = labelAndLinkTextViewTableViewCell.swift; sourceTree = "<group>"; };
		39381EAF1F300EB400DF8BAD /* MessageUserDetailViewController.swift */ = {isa = PBXFileReference; fileEncoding = 4; lastKnownFileType = sourcecode.swift; path = MessageUserDetailViewController.swift; sourceTree = "<group>"; };
		394259DD1F204E8200413A30 /* ProfileEditViewController2.swift */ = {isa = PBXFileReference; fileEncoding = 4; lastKnownFileType = sourcecode.swift; path = ProfileEditViewController2.swift; sourceTree = "<group>"; };
		394259DF1F20544800413A30 /* ProfileEditTableViewCell.swift */ = {isa = PBXFileReference; fileEncoding = 4; lastKnownFileType = sourcecode.swift; path = ProfileEditTableViewCell.swift; sourceTree = "<group>"; };
		394571211F028289009DD806 /* LocationSearchViewControllerDemo.swift */ = {isa = PBXFileReference; fileEncoding = 4; lastKnownFileType = sourcecode.swift; path = LocationSearchViewControllerDemo.swift; sourceTree = "<group>"; };
		394571241F037F2B009DD806 /* MessageTableViewCellDemo.swift */ = {isa = PBXFileReference; fileEncoding = 4; lastKnownFileType = sourcecode.swift; path = MessageTableViewCellDemo.swift; sourceTree = "<group>"; };
		394571261F038BCB009DD806 /* testViewController.swift */ = {isa = PBXFileReference; fileEncoding = 4; lastKnownFileType = sourcecode.swift; path = testViewController.swift; sourceTree = "<group>"; };
		3945712A1F039214009DD806 /* ChatViewController.swift */ = {isa = PBXFileReference; fileEncoding = 4; lastKnownFileType = sourcecode.swift; path = ChatViewController.swift; sourceTree = "<group>"; };
		3945712C1F03B53D009DD806 /* GoogleService-Info.plist */ = {isa = PBXFileReference; fileEncoding = 4; lastKnownFileType = text.plist.xml; path = "GoogleService-Info.plist"; sourceTree = "<group>"; };
		394E31D11EEAE9C70005F362 /* ClickableTextView.swift */ = {isa = PBXFileReference; fileEncoding = 4; lastKnownFileType = sourcecode.swift; path = ClickableTextView.swift; sourceTree = "<group>"; };
		3998300A1F46975800E5159B /* MessageStudentTableViewCell.swift */ = {isa = PBXFileReference; fileEncoding = 4; lastKnownFileType = sourcecode.swift; path = MessageStudentTableViewCell.swift; sourceTree = "<group>"; };
		39AA1F051F2A462000DDD086 /* AppealEditViewController.swift */ = {isa = PBXFileReference; fileEncoding = 4; lastKnownFileType = sourcecode.swift; path = AppealEditViewController.swift; sourceTree = "<group>"; };
		39AA1F0B1F2B16D000DDD086 /* BasicUserTableViewCell.swift */ = {isa = PBXFileReference; fileEncoding = 4; lastKnownFileType = sourcecode.swift; path = BasicUserTableViewCell.swift; sourceTree = "<group>"; };
		39AA1F0D1F2B16E200DDD086 /* DetailUserTableViewCell.swift */ = {isa = PBXFileReference; fileEncoding = 4; lastKnownFileType = sourcecode.swift; path = DetailUserTableViewCell.swift; sourceTree = "<group>"; };
		39B1052D1ED58AD500DF49A4 /* messageTableViewCell.swift */ = {isa = PBXFileReference; fileEncoding = 4; lastKnownFileType = sourcecode.swift; path = messageTableViewCell.swift; sourceTree = "<group>"; };
		39B315371F0477EA0038F5BC /* Images.xcassets */ = {isa = PBXFileReference; lastKnownFileType = folder.assetcatalog; path = Images.xcassets; sourceTree = "<group>"; };
		39CB9AD01F47252A00C991FE /* InquiryViewController.swift */ = {isa = PBXFileReference; fileEncoding = 4; lastKnownFileType = sourcecode.swift; path = InquiryViewController.swift; sourceTree = "<group>"; };
		39CB9B231F493FE900C991FE /* Demo.storyboard */ = {isa = PBXFileReference; fileEncoding = 4; lastKnownFileType = file.storyboard; path = Demo.storyboard; sourceTree = "<group>"; };
		39CB9B761F49627300C991FE /* DemoViewController.swift */ = {isa = PBXFileReference; fileEncoding = 4; lastKnownFileType = sourcecode.swift; path = DemoViewController.swift; sourceTree = "<group>"; };
		39CB9B7D1F49660200C991FE /* demo.mp4 */ = {isa = PBXFileReference; lastKnownFileType = file; name = demo.mp4; path = ../demo.mp4; sourceTree = "<group>"; };
		39CB9B841F49F90800C991FE /* LounchViewController.swift */ = {isa = PBXFileReference; fileEncoding = 4; lastKnownFileType = sourcecode.swift; path = LounchViewController.swift; sourceTree = "<group>"; };
		39CD02181F370C7A00E1273E /* MatchingViewController.swift */ = {isa = PBXFileReference; fileEncoding = 4; lastKnownFileType = sourcecode.swift; path = MatchingViewController.swift; sourceTree = "<group>"; };
		39CD021A1F374BE000E1273E /* ProfileViewControllerTest.swift */ = {isa = PBXFileReference; fileEncoding = 4; lastKnownFileType = sourcecode.swift; path = ProfileViewControllerTest.swift; sourceTree = "<group>"; };
		39CD021C1F38129B00E1273E /* BelongingEditViewController.swift */ = {isa = PBXFileReference; fileEncoding = 4; lastKnownFileType = sourcecode.swift; path = BelongingEditViewController.swift; sourceTree = "<group>"; };
		39CD02201F3C7BB600E1273E /* Register.storyboard */ = {isa = PBXFileReference; fileEncoding = 4; lastKnownFileType = file.storyboard; name = Register.storyboard; path = ../Register.storyboard; sourceTree = "<group>"; };
		39CD02221F3C976600E1273E /* Assets.xcassets */ = {isa = PBXFileReference; lastKnownFileType = folder.assetcatalog; path = Assets.xcassets; sourceTree = "<group>"; };
		39CD02251F3D2B7A00E1273E /* RegisterBasicInfoViewController.swift */ = {isa = PBXFileReference; fileEncoding = 4; lastKnownFileType = sourcecode.swift; path = RegisterBasicInfoViewController.swift; sourceTree = "<group>"; };
		39CD02611F3D54C400E1273E /* RegisterEducationViewController.swift */ = {isa = PBXFileReference; fileEncoding = 4; lastKnownFileType = sourcecode.swift; path = RegisterEducationViewController.swift; sourceTree = "<group>"; };
		39CD02631F3D54DB00E1273E /* RegisterInterestViewController.swift */ = {isa = PBXFileReference; fileEncoding = 4; lastKnownFileType = sourcecode.swift; path = RegisterInterestViewController.swift; sourceTree = "<group>"; };
		39CD02651F3D54F500E1273E /* RegisterUserFeatureViewController.swift */ = {isa = PBXFileReference; fileEncoding = 4; lastKnownFileType = sourcecode.swift; path = RegisterUserFeatureViewController.swift; sourceTree = "<group>"; };
		39CD02671F3D550F00E1273E /* RegisterSelfIntroductionViewController.swift */ = {isa = PBXFileReference; fileEncoding = 4; lastKnownFileType = sourcecode.swift; path = RegisterSelfIntroductionViewController.swift; sourceTree = "<group>"; };
		39CD02691F3D7AC400E1273E /* First.storyboard */ = {isa = PBXFileReference; fileEncoding = 4; lastKnownFileType = file.storyboard; path = First.storyboard; sourceTree = "<group>"; };
		39CD026B1F3DE25D00E1273E /* LoginViewController.swift */ = {isa = PBXFileReference; fileEncoding = 4; lastKnownFileType = sourcecode.swift; path = LoginViewController.swift; sourceTree = "<group>"; };
		39CD026D1F3DE28900E1273E /* RegisterMailViewController.swift */ = {isa = PBXFileReference; fileEncoding = 4; lastKnownFileType = sourcecode.swift; path = RegisterMailViewController.swift; sourceTree = "<group>"; };
		39CD026F1F3DF70300E1273E /* MailModalViewController.swift */ = {isa = PBXFileReference; fileEncoding = 4; lastKnownFileType = sourcecode.swift; path = MailModalViewController.swift; sourceTree = "<group>"; };
		39CD02711F3E831D00E1273E /* AssessmentViewController.swift */ = {isa = PBXFileReference; fileEncoding = 4; lastKnownFileType = sourcecode.swift; path = AssessmentViewController.swift; sourceTree = "<group>"; };
		39CD02731F3E8B6700E1273E /* MustLabel.swift */ = {isa = PBXFileReference; fileEncoding = 4; lastKnownFileType = sourcecode.swift; path = MustLabel.swift; sourceTree = "<group>"; };
		39CD02751F3E9A8D00E1273E /* RegisterImageViewController.swift */ = {isa = PBXFileReference; fileEncoding = 4; lastKnownFileType = sourcecode.swift; path = RegisterImageViewController.swift; sourceTree = "<group>"; };
		39CD02771F3EA1DD00E1273E /* my.swift */ = {isa = PBXFileReference; fileEncoding = 4; lastKnownFileType = sourcecode.swift; path = my.swift; sourceTree = "<group>"; };
		39CD02791F3EBACF00E1273E /* ProfileRegistrationViewController.swift */ = {isa = PBXFileReference; fileEncoding = 4; lastKnownFileType = sourcecode.swift; path = ProfileRegistrationViewController.swift; sourceTree = "<group>"; };
		39CD027B1F3FCEBA00E1273E /* User.swift */ = {isa = PBXFileReference; fileEncoding = 4; lastKnownFileType = sourcecode.swift; path = User.swift; sourceTree = "<group>"; };
		39D5F0AE1EFF900B00418FEA /* TagLabel.swift */ = {isa = PBXFileReference; fileEncoding = 4; lastKnownFileType = sourcecode.swift; path = TagLabel.swift; sourceTree = "<group>"; };
		39D5F0B61F008D0400418FEA /* ContainerViewControllerTest.swift */ = {isa = PBXFileReference; fileEncoding = 4; lastKnownFileType = sourcecode.swift; path = ContainerViewControllerTest.swift; sourceTree = "<group>"; };
		39D5F0B81F00B27900418FEA /* MessageViewControllerTest.swift */ = {isa = PBXFileReference; fileEncoding = 4; lastKnownFileType = sourcecode.swift; path = MessageViewControllerTest.swift; sourceTree = "<group>"; };
		39DED7C01F291B08003083DC /* EditProfileViewControllerTest.swift */ = {isa = PBXFileReference; fileEncoding = 4; lastKnownFileType = sourcecode.swift; path = EditProfileViewControllerTest.swift; sourceTree = "<group>"; };
		39DED7C21F291B75003083DC /* SelfIntroEditViewController.swift */ = {isa = PBXFileReference; fileEncoding = 4; lastKnownFileType = sourcecode.swift; path = SelfIntroEditViewController.swift; sourceTree = "<group>"; };
		39DED7C41F292031003083DC /* BasicTableViewCell.swift */ = {isa = PBXFileReference; fileEncoding = 4; lastKnownFileType = sourcecode.swift; path = BasicTableViewCell.swift; sourceTree = "<group>"; };
		39DED7C61F292802003083DC /* EducationTableViewCell.swift */ = {isa = PBXFileReference; fileEncoding = 4; lastKnownFileType = sourcecode.swift; path = EducationTableViewCell.swift; sourceTree = "<group>"; };
		39DED7C81F292AE3003083DC /* EducationEditTableViewCell.swift */ = {isa = PBXFileReference; fileEncoding = 4; lastKnownFileType = sourcecode.swift; path = EducationEditTableViewCell.swift; sourceTree = "<group>"; };
		39DED7CA1F292B20003083DC /* EducationEditViewController.swift */ = {isa = PBXFileReference; fileEncoding = 4; lastKnownFileType = sourcecode.swift; path = EducationEditViewController.swift; sourceTree = "<group>"; };
		39DED7CC1F2939D6003083DC /* GoodPointEditViewController.swift */ = {isa = PBXFileReference; fileEncoding = 4; lastKnownFileType = sourcecode.swift; path = GoodPointEditViewController.swift; sourceTree = "<group>"; };
		39DED7CE1F2939E5003083DC /* BadPointEditViewController.swift */ = {isa = PBXFileReference; fileEncoding = 4; lastKnownFileType = sourcecode.swift; path = BadPointEditViewController.swift; sourceTree = "<group>"; };
		39DED7D01F293C15003083DC /* SkillEditViewController.swift */ = {isa = PBXFileReference; fileEncoding = 4; lastKnownFileType = sourcecode.swift; path = SkillEditViewController.swift; sourceTree = "<group>"; };
		39DED7D21F2A126E003083DC /* EditableTagButton.swift */ = {isa = PBXFileReference; fileEncoding = 4; lastKnownFileType = sourcecode.swift; path = EditableTagButton.swift; sourceTree = "<group>"; };
		39DED7D41F2A1C7B003083DC /* InterestingViewController.swift */ = {isa = PBXFileReference; fileEncoding = 4; lastKnownFileType = sourcecode.swift; path = InterestingViewController.swift; sourceTree = "<group>"; };
		39DED7D61F2A3817003083DC /* TagButton.swift */ = {isa = PBXFileReference; fileEncoding = 4; lastKnownFileType = sourcecode.swift; path = TagButton.swift; sourceTree = "<group>"; };
		648A6A0C49A0EDB725490113 /* Pods-prototype04.debug.xcconfig */ = {isa = PBXFileReference; includeInIndex = 1; lastKnownFileType = text.xcconfig; name = "Pods-prototype04.debug.xcconfig"; path = "Pods/Target Support Files/Pods-prototype04/Pods-prototype04.debug.xcconfig"; sourceTree = "<group>"; };
		84CBFA047EBCBD7E1998B2F0 /* Pods-prototype04UITests.release.xcconfig */ = {isa = PBXFileReference; includeInIndex = 1; lastKnownFileType = text.xcconfig; name = "Pods-prototype04UITests.release.xcconfig"; path = "Pods/Target Support Files/Pods-prototype04UITests/Pods-prototype04UITests.release.xcconfig"; sourceTree = "<group>"; };
		8B816D71B5D0CEF59BA72A71 /* Pods-prototype04Tests.release.xcconfig */ = {isa = PBXFileReference; includeInIndex = 1; lastKnownFileType = text.xcconfig; name = "Pods-prototype04Tests.release.xcconfig"; path = "Pods/Target Support Files/Pods-prototype04Tests/Pods-prototype04Tests.release.xcconfig"; sourceTree = "<group>"; };
		A684348ECD18D4835F96DC8F /* Pods-prototype04Tests.debug.xcconfig */ = {isa = PBXFileReference; includeInIndex = 1; lastKnownFileType = text.xcconfig; name = "Pods-prototype04Tests.debug.xcconfig"; path = "Pods/Target Support Files/Pods-prototype04Tests/Pods-prototype04Tests.debug.xcconfig"; sourceTree = "<group>"; };
		C527F672B89E1D9767CE4307 /* Pods_prototype04.framework */ = {isa = PBXFileReference; explicitFileType = wrapper.framework; includeInIndex = 0; path = Pods_prototype04.framework; sourceTree = BUILT_PRODUCTS_DIR; };
		DD51314212AA6891A187D99F /* Pods_prototype04UITests.framework */ = {isa = PBXFileReference; explicitFileType = wrapper.framework; includeInIndex = 0; path = Pods_prototype04UITests.framework; sourceTree = BUILT_PRODUCTS_DIR; };
		FB7D188F50BDC9C05287C2DF /* Pods-prototype04UITests.debug.xcconfig */ = {isa = PBXFileReference; includeInIndex = 1; lastKnownFileType = text.xcconfig; name = "Pods-prototype04UITests.debug.xcconfig"; path = "Pods/Target Support Files/Pods-prototype04UITests/Pods-prototype04UITests.debug.xcconfig"; sourceTree = "<group>"; };
		FE8D2EDCCEEEEC9EB0A28F04 /* Pods-prototype04.release.xcconfig */ = {isa = PBXFileReference; includeInIndex = 1; lastKnownFileType = text.xcconfig; name = "Pods-prototype04.release.xcconfig"; path = "Pods/Target Support Files/Pods-prototype04/Pods-prototype04.release.xcconfig"; sourceTree = "<group>"; };
/* End PBXFileReference section */

/* Begin PBXFrameworksBuildPhase section */
		392ED67D1EC0C669003EB555 /* Frameworks */ = {
			isa = PBXFrameworksBuildPhase;
			buildActionMask = 2147483647;
			files = (
				5370497DE4C6BE4E93FB8933 /* Pods_prototype04.framework in Frameworks */,
			);
			runOnlyForDeploymentPostprocessing = 0;
		};
		392ED6911EC0C669003EB555 /* Frameworks */ = {
			isa = PBXFrameworksBuildPhase;
			buildActionMask = 2147483647;
			files = (
				75FDA3C329CD228207C4ADA9 /* Pods_prototype04Tests.framework in Frameworks */,
			);
			runOnlyForDeploymentPostprocessing = 0;
		};
		392ED69C1EC0C669003EB555 /* Frameworks */ = {
			isa = PBXFrameworksBuildPhase;
			buildActionMask = 2147483647;
			files = (
				645F4532B9E056EA983C3E70 /* Pods_prototype04UITests.framework in Frameworks */,
			);
			runOnlyForDeploymentPostprocessing = 0;
		};
/* End PBXFrameworksBuildPhase section */

/* Begin PBXGroup section */
		39067BB61EE8EB34004B1BEC /* UI */ = {
			isa = PBXGroup;
			children = (
				39CB9B7F1F49E78500C991FE /* TableViewCell */,
				39CB9B801F49E89100C991FE /* Label */,
				39CB9B811F49E8DA00C991FE /* Button */,
				39CB9B821F49E8F300C991FE /* UIView */,
				394E31D11EEAE9C70005F362 /* ClickableTextView.swift */,
				392ED7151ECC5A1C003EB555 /* NonCaretTextField.swift */,
				392ED6C11EC43C1B003EB555 /* UIColor.swift */,
				392ED6B31EC0E7BE003EB555 /* UserCard.swift */,
			);
			name = UI;
			sourceTree = "<group>";
		};
		392ED6771EC0C669003EB555 = {
			isa = PBXGroup;
			children = (
				392ED6821EC0C669003EB555 /* prototype04 */,
				392ED6971EC0C669003EB555 /* prototype04Tests */,
				392ED6A21EC0C669003EB555 /* prototype04UITests */,
				392ED6811EC0C669003EB555 /* Products */,
				F2B002688C505B3A3438488F /* Pods */,
				B64DBE26684173E3D8BE7C24 /* Frameworks */,
			);
			sourceTree = "<group>";
		};
		392ED6811EC0C669003EB555 /* Products */ = {
			isa = PBXGroup;
			children = (
				392ED6801EC0C669003EB555 /* prototype04.app */,
				392ED6941EC0C669003EB555 /* prototype04Tests.xctest */,
				392ED69F1EC0C669003EB555 /* prototype04UITests.xctest */,
			);
			name = Products;
			sourceTree = "<group>";
		};
		392ED6821EC0C669003EB555 /* prototype04 */ = {
			isa = PBXGroup;
			children = (
				392ED68C1EC0C669003EB555 /* LaunchScreen.storyboard */,
				392ED6831EC0C669003EB555 /* AppDelegate.swift */,
				39CD02691F3D7AC400E1273E /* First.storyboard */,
				39CD02201F3C7BB600E1273E /* Register.storyboard */,
				392ED6871EC0C669003EB555 /* Main.storyboard */,
				392DB5411F43DCAF000A32C2 /* Profile.storyboard */,
				39CB9B231F493FE900C991FE /* Demo.storyboard */,
				39CB9B7D1F49660200C991FE /* demo.mp4 */,
				39CB9B861F4A9BC900C991FE /* First Section */,
				39CB9B251F49401800C991FE /* Demo */,
				399830051F45F3E700E5159B /* Main Section */,
				399830071F45F42A00E5159B /* Profile Section */,
				399830091F4690B400E5159B /* Message Section */,
				39CB9B831F49E96800C991FE /* Utils */,
				39CD02241F3D23D400E1273E /* RegisterSection */,
				39CD021E1F387DCE00E1273E /* EditProfileViewController */,
				394E31D51EEB08570005F362 /* ViewController */,
				39067BB61EE8EB34004B1BEC /* UI */,
				391649AF1ED2510F003175D1 /* ServerConnection.swift */,
				392ED71F1ECDFB9C003EB555 /* JobTagTitleList.swift */,
				392ED70D1EC7FB0A003EB555 /* Animation.swift */,
				39B105311ED6F7E400DF49A4 /* Trash */,
				392ED68F1EC0C669003EB555 /* Info.plist */,
				3945712C1F03B53D009DD806 /* GoogleService-Info.plist */,
				39CD02221F3C976600E1273E /* Assets.xcassets */,
				39B315371F0477EA0038F5BC /* Images.xcassets */,
			);
			path = prototype04;
			sourceTree = "<group>";
		};
		392ED6971EC0C669003EB555 /* prototype04Tests */ = {
			isa = PBXGroup;
			children = (
				392ED6981EC0C669003EB555 /* prototype04Tests.swift */,
				392ED69A1EC0C669003EB555 /* Info.plist */,
			);
			path = prototype04Tests;
			sourceTree = "<group>";
		};
		392ED6A21EC0C669003EB555 /* prototype04UITests */ = {
			isa = PBXGroup;
			children = (
				392ED6A31EC0C669003EB555 /* prototype04UITests.swift */,
				392ED6A51EC0C669003EB555 /* Info.plist */,
			);
			path = prototype04UITests;
			sourceTree = "<group>";
		};
		394E31D51EEB08570005F362 /* ViewController */ = {
			isa = PBXGroup;
			children = (
				391B0A7B1EDFF8E800E9884C /* CropEditViewController.swift */,
			);
			name = ViewController;
			sourceTree = "<group>";
		};
		399830051F45F3E700E5159B /* Main Section */ = {
			isa = PBXGroup;
			children = (
				39D5F0B61F008D0400418FEA /* ContainerViewControllerTest.swift */,
				399830061F45F3F500E5159B /* ViewController */,
			);
			name = "Main Section";
			sourceTree = "<group>";
		};
		399830061F45F3F500E5159B /* ViewController */ = {
			isa = PBXGroup;
			children = (
				39CD02181F370C7A00E1273E /* MatchingViewController.swift */,
				39CB9AD01F47252A00C991FE /* InquiryViewController.swift */,
				392DB4F91F403228000A32C2 /* ReadyMainViewController.swift */,
				392DB5511F45BA8E000A32C2 /* DetailStudentViewControllerTest.swift */,
				39381E9F1F2B3A5000DF8BAD /* MainViewControllerTest.swift */,
				390808A11F651FC0009AFEAF /* SwipeResultManager.swift */,
				392380ED1F64256100F53E40 /* CalculateProfileEdited.swift */,
				394571211F028289009DD806 /* LocationSearchViewControllerDemo.swift */,
				392DB4FF1F417FCF000A32C2 /* NoUserViewController.swift */,
				39CD021A1F374BE000E1273E /* ProfileViewControllerTest.swift */,
				392DB4FD1F41348D000A32C2 /* ProfileAnnotationViewController.swift */,
				39381EA11F2B3DFF00DF8BAD /* MainUserDetailViewController.swift */,
			);
			name = ViewController;
			sourceTree = "<group>";
		};
		399830071F45F42A00E5159B /* Profile Section */ = {
			isa = PBXGroup;
			children = (
				399830081F45F43600E5159B /* View Contoller */,
			);
			name = "Profile Section";
			sourceTree = "<group>";
		};
		399830081F45F43600E5159B /* View Contoller */ = {
			isa = PBXGroup;
			children = (
				39DED7C01F291B08003083DC /* EditProfileViewControllerTest.swift */,
				392DB5471F446406000A32C2 /* OgoriViewController.swift */,
				392DB5431F43E164000A32C2 /* RecruiterProfileViewController.swift */,
				39DED7D41F2A1C7B003083DC /* InterestingViewController.swift */,
				39DED7D01F293C15003083DC /* SkillEditViewController.swift */,
			);
			name = "View Contoller";
			sourceTree = "<group>";
		};
		399830091F4690B400E5159B /* Message Section */ = {
			isa = PBXGroup;
			children = (
				3998300A1F46975800E5159B /* MessageStudentTableViewCell.swift */,
				3945712A1F039214009DD806 /* ChatViewController.swift */,
				39D5F0B81F00B27900418FEA /* MessageViewControllerTest.swift */,
				39381EAF1F300EB400DF8BAD /* MessageUserDetailViewController.swift */,
			);
			name = "Message Section";
			sourceTree = "<group>";
		};
		39B105311ED6F7E400DF49A4 /* Trash */ = {
			isa = PBXGroup;
			children = (
				392ED6851EC0C669003EB555 /* LocationSearchViewController.swift */,
				394571241F037F2B009DD806 /* MessageTableViewCellDemo.swift */,
				394259DF1F20544800413A30 /* ProfileEditTableViewCell.swift */,
				394259DD1F204E8200413A30 /* ProfileEditViewController2.swift */,
				39381EA71F2D62A500DF8BAD /* StackViewTestViewController.swift */,
				39381EA31F2B44FE00DF8BAD /* userData.swift */,
				392ED6CD1EC6216E003EB555 /* UILabelBtmBorder.swift */,
				39034F201EE79C29009FD68E /* TransitionButton.swift */,
				392ED6B71EC2A49B003EB555 /* CustomTableViewCell.swift */,
				392ED7251ECED0B0003EB555 /* UserDefaultSetting.swift */,
				39067BB41EE8EAD2004B1BEC /* UserInfo.swift */,
				39067BAE1EE8C409004B1BEC /* PreviewViewController.swift */,
				394571261F038BCB009DD806 /* testViewController.swift */,
				391B0A7F1EE071F400E9884C /* SnapshotViewController.swift */,
				392ED6B91EC31CDF003EB555 /* ProfileViewController.swift */,
				392ED7111ECA9D7F003EB555 /* TagTestViewController.swift */,
				392ED71B1ECD8535003EB555 /* RadialGradientLayer.swift */,
				392ED6BD1EC3E529003EB555 /* SampleViewController.swift */,
			);
			name = Trash;
			sourceTree = "<group>";
		};
		39CB9B251F49401800C991FE /* Demo */ = {
			isa = PBXGroup;
			children = (
				39CB9B761F49627300C991FE /* DemoViewController.swift */,
			);
			name = Demo;
			sourceTree = "<group>";
		};
		39CB9B7F1F49E78500C991FE /* TableViewCell */ = {
			isa = PBXGroup;
			children = (
				392DB5451F43E9D2000A32C2 /* TitleAndContentTableViewCell.swift */,
				392DB5491F446446000A32C2 /* ImageAndLabelTableViewCell.swift */,
				39AA1F0D1F2B16E200DDD086 /* DetailUserTableViewCell.swift */,
				39CD021F1F387E0300E1273E /* EditTableViewCell */,
				39381EAD1F2F710B00DF8BAD /* labelAndLinkTextViewTableViewCell.swift */,
				39AA1F0B1F2B16D000DDD086 /* BasicUserTableViewCell.swift */,
				39381EAB1F2ECBB100DF8BAD /* ThreeContentTableViewCell.swift */,
				392DB54B1F45B084000A32C2 /* DetailTableViewCell.swift */,
				39B1052D1ED58AD500DF49A4 /* messageTableViewCell.swift */,
				39381EA91F2EC6DE00DF8BAD /* SimpleTableViewCell.swift */,
			);
			name = TableViewCell;
			sourceTree = "<group>";
		};
		39CB9B801F49E89100C991FE /* Label */ = {
			isa = PBXGroup;
			children = (
				39D5F0AE1EFF900B00418FEA /* TagLabel.swift */,
				39067BB21EE8D4F3004B1BEC /* RectLabel.swift */,
				39CD02731F3E8B6700E1273E /* MustLabel.swift */,
				392DB5011F42B6C9000A32C2 /* OptionLabel.swift */,
			);
			name = Label;
			sourceTree = "<group>";
		};
		39CB9B811F49E8DA00C991FE /* Button */ = {
			isa = PBXGroup;
			children = (
				39DED7D61F2A3817003083DC /* TagButton.swift */,
				392ED7131ECAB417003EB555 /* flagButton.swift */,
				39067BB01EE8CC7F004B1BEC /* RectButton.swift */,
				39DED7D21F2A126E003083DC /* EditableTagButton.swift */,
			);
			name = Button;
			sourceTree = "<group>";
		};
		39CB9B821F49E8F300C991FE /* UIView */ = {
			isa = PBXGroup;
			children = (
				39067BB71EEA19E1004B1BEC /* RectView.swift */,
				391B0A7D1EE05EFC00E9884C /* MaskView.swift */,
			);
			name = UIView;
			sourceTree = "<group>";
		};
		39CB9B831F49E96800C991FE /* Utils */ = {
			isa = PBXGroup;
			children = (
				39CD02771F3EA1DD00E1273E /* my.swift */,
				392ED7231ECE044C003EB555 /* Enum.swift */,
				39381EA51F2D55EC00DF8BAD /* DateUtils.swift */,
				39CD027B1F3FCEBA00E1273E /* User.swift */,
			);
			name = Utils;
			sourceTree = "<group>";
		};
		39CB9B861F4A9BC900C991FE /* First Section */ = {
			isa = PBXGroup;
			children = (
				39CB9B841F49F90800C991FE /* LounchViewController.swift */,
				39CD026B1F3DE25D00E1273E /* LoginViewController.swift */,
				39CD026D1F3DE28900E1273E /* RegisterMailViewController.swift */,
				39CD026F1F3DF70300E1273E /* MailModalViewController.swift */,
			);
			name = "First Section";
			sourceTree = "<group>";
		};
		39CD021E1F387DCE00E1273E /* EditProfileViewController */ = {
			isa = PBXGroup;
			children = (
				39DED7CA1F292B20003083DC /* EducationEditViewController.swift */,
				39CD021C1F38129B00E1273E /* BelongingEditViewController.swift */,
				39AA1F051F2A462000DDD086 /* AppealEditViewController.swift */,
				39DED7CC1F2939D6003083DC /* GoodPointEditViewController.swift */,
				39DED7CE1F2939E5003083DC /* BadPointEditViewController.swift */,
				39DED7C21F291B75003083DC /* SelfIntroEditViewController.swift */,
			);
			name = EditProfileViewController;
			sourceTree = "<group>";
		};
		39CD021F1F387E0300E1273E /* EditTableViewCell */ = {
			isa = PBXGroup;
			children = (
				39DED7C61F292802003083DC /* EducationTableViewCell.swift */,
				39DED7C41F292031003083DC /* BasicTableViewCell.swift */,
				39DED7C81F292AE3003083DC /* EducationEditTableViewCell.swift */,
			);
			name = EditTableViewCell;
			sourceTree = "<group>";
		};
		39CD02241F3D23D400E1273E /* RegisterSection */ = {
			isa = PBXGroup;
			children = (
				392DB4FB1F40354F000A32C2 /* ChoiceStatusViewController.swift */,
				39CD02251F3D2B7A00E1273E /* RegisterBasicInfoViewController.swift */,
				392DB5031F42BC9A000A32C2 /* RegisterCompanyViewController.swift */,
				39CD02611F3D54C400E1273E /* RegisterEducationViewController.swift */,
				39CD02751F3E9A8D00E1273E /* RegisterImageViewController.swift */,
				39CD02711F3E831D00E1273E /* AssessmentViewController.swift */,
				39CD02791F3EBACF00E1273E /* ProfileRegistrationViewController.swift */,
				39CD02631F3D54DB00E1273E /* RegisterInterestViewController.swift */,
				39CD02651F3D54F500E1273E /* RegisterUserFeatureViewController.swift */,
				39CD02671F3D550F00E1273E /* RegisterSelfIntroductionViewController.swift */,
			);
			name = RegisterSection;
			sourceTree = "<group>";
		};
		B64DBE26684173E3D8BE7C24 /* Frameworks */ = {
			isa = PBXGroup;
			children = (
				C527F672B89E1D9767CE4307 /* Pods_prototype04.framework */,
				3147D0B7174B1B52F62D967F /* Pods_prototype04Tests.framework */,
				DD51314212AA6891A187D99F /* Pods_prototype04UITests.framework */,
			);
			name = Frameworks;
			sourceTree = "<group>";
		};
		F2B002688C505B3A3438488F /* Pods */ = {
			isa = PBXGroup;
			children = (
				648A6A0C49A0EDB725490113 /* Pods-prototype04.debug.xcconfig */,
				FE8D2EDCCEEEEC9EB0A28F04 /* Pods-prototype04.release.xcconfig */,
				A684348ECD18D4835F96DC8F /* Pods-prototype04Tests.debug.xcconfig */,
				8B816D71B5D0CEF59BA72A71 /* Pods-prototype04Tests.release.xcconfig */,
				FB7D188F50BDC9C05287C2DF /* Pods-prototype04UITests.debug.xcconfig */,
				84CBFA047EBCBD7E1998B2F0 /* Pods-prototype04UITests.release.xcconfig */,
			);
			name = Pods;
			sourceTree = "<group>";
		};
/* End PBXGroup section */

/* Begin PBXNativeTarget section */
		392ED67F1EC0C669003EB555 /* prototype04 */ = {
			isa = PBXNativeTarget;
			buildConfigurationList = 392ED6A81EC0C669003EB555 /* Build configuration list for PBXNativeTarget "prototype04" */;
			buildPhases = (
				3C5F970CC3D7D834B42F6BBA /* [CP] Check Pods Manifest.lock */,
				392ED67C1EC0C669003EB555 /* Sources */,
				392ED67D1EC0C669003EB555 /* Frameworks */,
				392ED67E1EC0C669003EB555 /* Resources */,
				5436FD88A18ECF4B814D00DC /* [CP] Embed Pods Frameworks */,
				5AE68423904227F296AB8638 /* [CP] Copy Pods Resources */,
			);
			buildRules = (
			);
			dependencies = (
			);
			name = prototype04;
			productName = prototype04;
			productReference = 392ED6801EC0C669003EB555 /* prototype04.app */;
			productType = "com.apple.product-type.application";
		};
		392ED6931EC0C669003EB555 /* prototype04Tests */ = {
			isa = PBXNativeTarget;
			buildConfigurationList = 392ED6AB1EC0C669003EB555 /* Build configuration list for PBXNativeTarget "prototype04Tests" */;
			buildPhases = (
				87D1ED44138C5AEE4DA442C9 /* [CP] Check Pods Manifest.lock */,
				392ED6901EC0C669003EB555 /* Sources */,
				392ED6911EC0C669003EB555 /* Frameworks */,
				392ED6921EC0C669003EB555 /* Resources */,
				0F88A3C537E53B4750D02E6F /* [CP] Embed Pods Frameworks */,
				5F40C4054BBB148896C2CB26 /* [CP] Copy Pods Resources */,
			);
			buildRules = (
			);
			dependencies = (
				392ED6961EC0C669003EB555 /* PBXTargetDependency */,
			);
			name = prototype04Tests;
			productName = prototype04Tests;
			productReference = 392ED6941EC0C669003EB555 /* prototype04Tests.xctest */;
			productType = "com.apple.product-type.bundle.unit-test";
		};
		392ED69E1EC0C669003EB555 /* prototype04UITests */ = {
			isa = PBXNativeTarget;
			buildConfigurationList = 392ED6AE1EC0C669003EB555 /* Build configuration list for PBXNativeTarget "prototype04UITests" */;
			buildPhases = (
				8B9AE5F28C360E96B5B70835 /* [CP] Check Pods Manifest.lock */,
				392ED69B1EC0C669003EB555 /* Sources */,
				392ED69C1EC0C669003EB555 /* Frameworks */,
				392ED69D1EC0C669003EB555 /* Resources */,
				51600A30A54A681529F9F857 /* [CP] Embed Pods Frameworks */,
				288FF07C8BC39449308572A6 /* [CP] Copy Pods Resources */,
			);
			buildRules = (
			);
			dependencies = (
				392ED6A11EC0C669003EB555 /* PBXTargetDependency */,
			);
			name = prototype04UITests;
			productName = prototype04UITests;
			productReference = 392ED69F1EC0C669003EB555 /* prototype04UITests.xctest */;
			productType = "com.apple.product-type.bundle.ui-testing";
		};
/* End PBXNativeTarget section */

/* Begin PBXProject section */
		392ED6781EC0C669003EB555 /* Project object */ = {
			isa = PBXProject;
			attributes = {
				LastSwiftUpdateCheck = 0830;
				LastUpgradeCheck = 0830;
				ORGANIZATIONNAME = shoichiyamazaki;
				TargetAttributes = {
					392ED67F1EC0C669003EB555 = {
						CreatedOnToolsVersion = 8.3;
						DevelopmentTeam = PNV979YSS5;
						ProvisioningStyle = Automatic;
					};
					392ED6931EC0C669003EB555 = {
						CreatedOnToolsVersion = 8.3;
						DevelopmentTeam = Q5HUKBE6ZQ;
						ProvisioningStyle = Automatic;
						TestTargetID = 392ED67F1EC0C669003EB555;
					};
					392ED69E1EC0C669003EB555 = {
						CreatedOnToolsVersion = 8.3;
						DevelopmentTeam = Q5HUKBE6ZQ;
						ProvisioningStyle = Automatic;
						TestTargetID = 392ED67F1EC0C669003EB555;
					};
				};
			};
			buildConfigurationList = 392ED67B1EC0C669003EB555 /* Build configuration list for PBXProject "prototype04" */;
			compatibilityVersion = "Xcode 3.2";
			developmentRegion = English;
			hasScannedForEncodings = 0;
			knownRegions = (
				en,
				Base,
			);
			mainGroup = 392ED6771EC0C669003EB555;
			productRefGroup = 392ED6811EC0C669003EB555 /* Products */;
			projectDirPath = "";
			projectRoot = "";
			targets = (
				392ED67F1EC0C669003EB555 /* prototype04 */,
				392ED6931EC0C669003EB555 /* prototype04Tests */,
				392ED69E1EC0C669003EB555 /* prototype04UITests */,
			);
		};
/* End PBXProject section */

/* Begin PBXResourcesBuildPhase section */
		392ED67E1EC0C669003EB555 /* Resources */ = {
			isa = PBXResourcesBuildPhase;
			buildActionMask = 2147483647;
			files = (
				392ED68E1EC0C669003EB555 /* LaunchScreen.storyboard in Resources */,
				39B315381F0477EA0038F5BC /* Images.xcassets in Resources */,
				39CB9B241F493FE900C991FE /* Demo.storyboard in Resources */,
				392DB5421F43DCAF000A32C2 /* Profile.storyboard in Resources */,
				3945712D1F03B53D009DD806 /* GoogleService-Info.plist in Resources */,
				39CB9B7E1F49660200C991FE /* demo.mp4 in Resources */,
				392ED6891EC0C669003EB555 /* Main.storyboard in Resources */,
				39CD026A1F3D7AC400E1273E /* First.storyboard in Resources */,
				39CD02231F3C976600E1273E /* Assets.xcassets in Resources */,
				39CD02211F3C7BB600E1273E /* Register.storyboard in Resources */,
			);
			runOnlyForDeploymentPostprocessing = 0;
		};
		392ED6921EC0C669003EB555 /* Resources */ = {
			isa = PBXResourcesBuildPhase;
			buildActionMask = 2147483647;
			files = (
			);
			runOnlyForDeploymentPostprocessing = 0;
		};
		392ED69D1EC0C669003EB555 /* Resources */ = {
			isa = PBXResourcesBuildPhase;
			buildActionMask = 2147483647;
			files = (
			);
			runOnlyForDeploymentPostprocessing = 0;
		};
/* End PBXResourcesBuildPhase section */

/* Begin PBXShellScriptBuildPhase section */
		0F88A3C537E53B4750D02E6F /* [CP] Embed Pods Frameworks */ = {
			isa = PBXShellScriptBuildPhase;
			buildActionMask = 2147483647;
			files = (
			);
			inputPaths = (
			);
			name = "[CP] Embed Pods Frameworks";
			outputPaths = (
			);
			runOnlyForDeploymentPostprocessing = 0;
			shellPath = /bin/sh;
			shellScript = "\"${SRCROOT}/Pods/Target Support Files/Pods-prototype04Tests/Pods-prototype04Tests-frameworks.sh\"\n";
			showEnvVarsInLog = 0;
		};
		288FF07C8BC39449308572A6 /* [CP] Copy Pods Resources */ = {
			isa = PBXShellScriptBuildPhase;
			buildActionMask = 2147483647;
			files = (
			);
			inputPaths = (
			);
			name = "[CP] Copy Pods Resources";
			outputPaths = (
			);
			runOnlyForDeploymentPostprocessing = 0;
			shellPath = /bin/sh;
			shellScript = "\"${SRCROOT}/Pods/Target Support Files/Pods-prototype04UITests/Pods-prototype04UITests-resources.sh\"\n";
			showEnvVarsInLog = 0;
		};
		3C5F970CC3D7D834B42F6BBA /* [CP] Check Pods Manifest.lock */ = {
			isa = PBXShellScriptBuildPhase;
			buildActionMask = 2147483647;
			files = (
			);
			inputPaths = (
			);
			name = "[CP] Check Pods Manifest.lock";
			outputPaths = (
			);
			runOnlyForDeploymentPostprocessing = 0;
			shellPath = /bin/sh;
			shellScript = "diff \"${PODS_ROOT}/../Podfile.lock\" \"${PODS_ROOT}/Manifest.lock\" > /dev/null\nif [ $? != 0 ] ; then\n    # print error to STDERR\n    echo \"error: The sandbox is not in sync with the Podfile.lock. Run 'pod install' or update your CocoaPods installation.\" >&2\n    exit 1\nfi\n";
			showEnvVarsInLog = 0;
		};
		51600A30A54A681529F9F857 /* [CP] Embed Pods Frameworks */ = {
			isa = PBXShellScriptBuildPhase;
			buildActionMask = 2147483647;
			files = (
			);
			inputPaths = (
			);
			name = "[CP] Embed Pods Frameworks";
			outputPaths = (
			);
			runOnlyForDeploymentPostprocessing = 0;
			shellPath = /bin/sh;
			shellScript = "\"${SRCROOT}/Pods/Target Support Files/Pods-prototype04UITests/Pods-prototype04UITests-frameworks.sh\"\n";
			showEnvVarsInLog = 0;
		};
		5436FD88A18ECF4B814D00DC /* [CP] Embed Pods Frameworks */ = {
			isa = PBXShellScriptBuildPhase;
			buildActionMask = 2147483647;
			files = (
			);
			inputPaths = (
			);
			name = "[CP] Embed Pods Frameworks";
			outputPaths = (
			);
			runOnlyForDeploymentPostprocessing = 0;
			shellPath = /bin/sh;
			shellScript = "\"${SRCROOT}/Pods/Target Support Files/Pods-prototype04/Pods-prototype04-frameworks.sh\"\n";
			showEnvVarsInLog = 0;
		};
		5AE68423904227F296AB8638 /* [CP] Copy Pods Resources */ = {
			isa = PBXShellScriptBuildPhase;
			buildActionMask = 2147483647;
			files = (
			);
			inputPaths = (
			);
			name = "[CP] Copy Pods Resources";
			outputPaths = (
			);
			runOnlyForDeploymentPostprocessing = 0;
			shellPath = /bin/sh;
			shellScript = "\"${SRCROOT}/Pods/Target Support Files/Pods-prototype04/Pods-prototype04-resources.sh\"\n";
			showEnvVarsInLog = 0;
		};
		5F40C4054BBB148896C2CB26 /* [CP] Copy Pods Resources */ = {
			isa = PBXShellScriptBuildPhase;
			buildActionMask = 2147483647;
			files = (
			);
			inputPaths = (
			);
			name = "[CP] Copy Pods Resources";
			outputPaths = (
			);
			runOnlyForDeploymentPostprocessing = 0;
			shellPath = /bin/sh;
			shellScript = "\"${SRCROOT}/Pods/Target Support Files/Pods-prototype04Tests/Pods-prototype04Tests-resources.sh\"\n";
			showEnvVarsInLog = 0;
		};
		87D1ED44138C5AEE4DA442C9 /* [CP] Check Pods Manifest.lock */ = {
			isa = PBXShellScriptBuildPhase;
			buildActionMask = 2147483647;
			files = (
			);
			inputPaths = (
			);
			name = "[CP] Check Pods Manifest.lock";
			outputPaths = (
			);
			runOnlyForDeploymentPostprocessing = 0;
			shellPath = /bin/sh;
			shellScript = "diff \"${PODS_ROOT}/../Podfile.lock\" \"${PODS_ROOT}/Manifest.lock\" > /dev/null\nif [ $? != 0 ] ; then\n    # print error to STDERR\n    echo \"error: The sandbox is not in sync with the Podfile.lock. Run 'pod install' or update your CocoaPods installation.\" >&2\n    exit 1\nfi\n";
			showEnvVarsInLog = 0;
		};
		8B9AE5F28C360E96B5B70835 /* [CP] Check Pods Manifest.lock */ = {
			isa = PBXShellScriptBuildPhase;
			buildActionMask = 2147483647;
			files = (
			);
			inputPaths = (
			);
			name = "[CP] Check Pods Manifest.lock";
			outputPaths = (
			);
			runOnlyForDeploymentPostprocessing = 0;
			shellPath = /bin/sh;
			shellScript = "diff \"${PODS_ROOT}/../Podfile.lock\" \"${PODS_ROOT}/Manifest.lock\" > /dev/null\nif [ $? != 0 ] ; then\n    # print error to STDERR\n    echo \"error: The sandbox is not in sync with the Podfile.lock. Run 'pod install' or update your CocoaPods installation.\" >&2\n    exit 1\nfi\n";
			showEnvVarsInLog = 0;
		};
/* End PBXShellScriptBuildPhase section */

/* Begin PBXSourcesBuildPhase section */
		392ED67C1EC0C669003EB555 /* Sources */ = {
			isa = PBXSourcesBuildPhase;
			buildActionMask = 2147483647;
			files = (
				39DED7CD1F2939D6003083DC /* GoodPointEditViewController.swift in Sources */,
				392DB5041F42BC9A000A32C2 /* RegisterCompanyViewController.swift in Sources */,
				39CD02681F3D550F00E1273E /* RegisterSelfIntroductionViewController.swift in Sources */,
				39CD027C1F3FCEBA00E1273E /* User.swift in Sources */,
				39DED7C11F291B08003083DC /* EditProfileViewControllerTest.swift in Sources */,
				394E31D21EEAE9C70005F362 /* ClickableTextView.swift in Sources */,
				392ED6CE1EC6216E003EB555 /* UILabelBtmBorder.swift in Sources */,
				39381EA81F2D62A500DF8BAD /* StackViewTestViewController.swift in Sources */,
				39DED7D51F2A1C7B003083DC /* InterestingViewController.swift in Sources */,
				392ED6B81EC2A49B003EB555 /* CustomTableViewCell.swift in Sources */,
				392DB5001F417FCF000A32C2 /* NoUserViewController.swift in Sources */,
				3998300B1F46975800E5159B /* MessageStudentTableViewCell.swift in Sources */,
				392DB5021F42B6C9000A32C2 /* OptionLabel.swift in Sources */,
				392ED7241ECE044C003EB555 /* Enum.swift in Sources */,
				394259E01F20544800413A30 /* ProfileEditTableViewCell.swift in Sources */,
				394571221F028289009DD806 /* LocationSearchViewControllerDemo.swift in Sources */,
				39DED7C31F291B75003083DC /* SelfIntroEditViewController.swift in Sources */,
				39DED7C71F292802003083DC /* EducationTableViewCell.swift in Sources */,
				39DED7D31F2A126E003083DC /* EditableTagButton.swift in Sources */,
				390808A21F651FC0009AFEAF /* SwipeResultManager.swift in Sources */,
				39AA1F0E1F2B16E200DDD086 /* DetailUserTableViewCell.swift in Sources */,
				39CD02661F3D54F500E1273E /* RegisterUserFeatureViewController.swift in Sources */,
				392ED7161ECC5A1C003EB555 /* NonCaretTextField.swift in Sources */,
				39D5F0B91F00B27900418FEA /* MessageViewControllerTest.swift in Sources */,
				39CD02721F3E831D00E1273E /* AssessmentViewController.swift in Sources */,
				39CB9B771F49627300C991FE /* DemoViewController.swift in Sources */,
				392380EE1F64256100F53E40 /* CalculateProfileEdited.swift in Sources */,
				39067BB81EEA19E1004B1BEC /* RectView.swift in Sources */,
				392DB5481F446406000A32C2 /* OgoriViewController.swift in Sources */,
				39DED7CF1F2939E5003083DC /* BadPointEditViewController.swift in Sources */,
				39CB9AD11F47252A00C991FE /* InquiryViewController.swift in Sources */,
				39381EA61F2D55EC00DF8BAD /* DateUtils.swift in Sources */,
				394259DE1F204E8200413A30 /* ProfileEditViewController2.swift in Sources */,
				392DB54C1F45B084000A32C2 /* DetailTableViewCell.swift in Sources */,
				39CD02761F3E9A8D00E1273E /* RegisterImageViewController.swift in Sources */,
				392DB5521F45BA8E000A32C2 /* DetailStudentViewControllerTest.swift in Sources */,
				39CD026E1F3DE28900E1273E /* RegisterMailViewController.swift in Sources */,
				392ED6861EC0C669003EB555 /* LocationSearchViewController.swift in Sources */,
				39CD021B1F374BE000E1273E /* ProfileViewControllerTest.swift in Sources */,
				392ED6BA1EC31CDF003EB555 /* ProfileViewController.swift in Sources */,
				39DED7D71F2A3818003083DC /* TagButton.swift in Sources */,
				394571271F038BCB009DD806 /* testViewController.swift in Sources */,
				39AA1F061F2A462000DDD086 /* AppealEditViewController.swift in Sources */,
				394571251F037F2B009DD806 /* MessageTableViewCellDemo.swift in Sources */,
				392ED6B41EC0E7BE003EB555 /* UserCard.swift in Sources */,
				39B1052E1ED58AD500DF49A4 /* messageTableViewCell.swift in Sources */,
				39CD02781F3EA1DD00E1273E /* my.swift in Sources */,
				39381EAA1F2EC6DE00DF8BAD /* SimpleTableViewCell.swift in Sources */,
				39CD02261F3D2B7A00E1273E /* RegisterBasicInfoViewController.swift in Sources */,
				39381EA01F2B3A5000DF8BAD /* MainViewControllerTest.swift in Sources */,
				392ED6BE1EC3E529003EB555 /* SampleViewController.swift in Sources */,
				39CD02741F3E8B6700E1273E /* MustLabel.swift in Sources */,
				39381EA41F2B44FE00DF8BAD /* userData.swift in Sources */,
				392DB4FC1F403550000A32C2 /* ChoiceStatusViewController.swift in Sources */,
				392ED6841EC0C669003EB555 /* AppDelegate.swift in Sources */,
				39067BAF1EE8C409004B1BEC /* PreviewViewController.swift in Sources */,
				392ED7121ECA9D7F003EB555 /* TagTestViewController.swift in Sources */,
				39D5F0B71F008D0400418FEA /* ContainerViewControllerTest.swift in Sources */,
				391B0A7E1EE05EFC00E9884C /* MaskView.swift in Sources */,
				39CD02191F370C7A00E1273E /* MatchingViewController.swift in Sources */,
				39AA1F0C1F2B16D000DDD086 /* BasicUserTableViewCell.swift in Sources */,
				39DED7C91F292AE3003083DC /* EducationEditTableViewCell.swift in Sources */,
				392ED6C21EC43C1B003EB555 /* UIColor.swift in Sources */,
				391B0A801EE071F400E9884C /* SnapshotViewController.swift in Sources */,
				392DB4FE1F41348D000A32C2 /* ProfileAnnotationViewController.swift in Sources */,
				39CD021D1F38129B00E1273E /* BelongingEditViewController.swift in Sources */,
				391649B01ED2510F003175D1 /* ServerConnection.swift in Sources */,
				39034F211EE79C29009FD68E /* TransitionButton.swift in Sources */,
				39CD026C1F3DE25D00E1273E /* LoginViewController.swift in Sources */,
				392DB54A1F446446000A32C2 /* ImageAndLabelTableViewCell.swift in Sources */,
				392ED70E1EC7FB0A003EB555 /* Animation.swift in Sources */,
				39CD02621F3D54C400E1273E /* RegisterEducationViewController.swift in Sources */,
				391B0A7C1EDFF8E800E9884C /* CropEditViewController.swift in Sources */,
				39CD027A1F3EBACF00E1273E /* ProfileRegistrationViewController.swift in Sources */,
				39067BB11EE8CC7F004B1BEC /* RectButton.swift in Sources */,
				392ED71C1ECD8535003EB555 /* RadialGradientLayer.swift in Sources */,
				392DB5461F43E9D2000A32C2 /* TitleAndContentTableViewCell.swift in Sources */,
				39CB9B851F49F90800C991FE /* LounchViewController.swift in Sources */,
				392DB5441F43E164000A32C2 /* RecruiterProfileViewController.swift in Sources */,
				39067BB51EE8EAD2004B1BEC /* UserInfo.swift in Sources */,
				392ED7261ECED0B0003EB555 /* UserDefaultSetting.swift in Sources */,
				39CD02641F3D54DB00E1273E /* RegisterInterestViewController.swift in Sources */,
				39DED7C51F292031003083DC /* BasicTableViewCell.swift in Sources */,
				392DB4FA1F403228000A32C2 /* ReadyMainViewController.swift in Sources */,
				39381EA21F2B3DFF00DF8BAD /* MainUserDetailViewController.swift in Sources */,
				39DED7CB1F292B20003083DC /* EducationEditViewController.swift in Sources */,
				39381EB01F300EB400DF8BAD /* MessageUserDetailViewController.swift in Sources */,
				392ED7141ECAB417003EB555 /* flagButton.swift in Sources */,
				39CD02701F3DF70300E1273E /* MailModalViewController.swift in Sources */,
				39D5F0AF1EFF900B00418FEA /* TagLabel.swift in Sources */,
				39381EAE1F2F710B00DF8BAD /* labelAndLinkTextViewTableViewCell.swift in Sources */,
				39067BB31EE8D4F3004B1BEC /* RectLabel.swift in Sources */,
				3945712B1F039214009DD806 /* ChatViewController.swift in Sources */,
				39DED7D11F293C15003083DC /* SkillEditViewController.swift in Sources */,
				39381EAC1F2ECBB100DF8BAD /* ThreeContentTableViewCell.swift in Sources */,
				392ED7201ECDFB9C003EB555 /* JobTagTitleList.swift in Sources */,
			);
			runOnlyForDeploymentPostprocessing = 0;
		};
		392ED6901EC0C669003EB555 /* Sources */ = {
			isa = PBXSourcesBuildPhase;
			buildActionMask = 2147483647;
			files = (
				392ED6991EC0C669003EB555 /* prototype04Tests.swift in Sources */,
			);
			runOnlyForDeploymentPostprocessing = 0;
		};
		392ED69B1EC0C669003EB555 /* Sources */ = {
			isa = PBXSourcesBuildPhase;
			buildActionMask = 2147483647;
			files = (
				392ED6A41EC0C669003EB555 /* prototype04UITests.swift in Sources */,
			);
			runOnlyForDeploymentPostprocessing = 0;
		};
/* End PBXSourcesBuildPhase section */

/* Begin PBXTargetDependency section */
		392ED6961EC0C669003EB555 /* PBXTargetDependency */ = {
			isa = PBXTargetDependency;
			target = 392ED67F1EC0C669003EB555 /* prototype04 */;
			targetProxy = 392ED6951EC0C669003EB555 /* PBXContainerItemProxy */;
		};
		392ED6A11EC0C669003EB555 /* PBXTargetDependency */ = {
			isa = PBXTargetDependency;
			target = 392ED67F1EC0C669003EB555 /* prototype04 */;
			targetProxy = 392ED6A01EC0C669003EB555 /* PBXContainerItemProxy */;
		};
/* End PBXTargetDependency section */

/* Begin PBXVariantGroup section */
		392ED6871EC0C669003EB555 /* Main.storyboard */ = {
			isa = PBXVariantGroup;
			children = (
				392ED6881EC0C669003EB555 /* Base */,
			);
			name = Main.storyboard;
			sourceTree = "<group>";
		};
		392ED68C1EC0C669003EB555 /* LaunchScreen.storyboard */ = {
			isa = PBXVariantGroup;
			children = (
				392ED68D1EC0C669003EB555 /* Base */,
			);
			name = LaunchScreen.storyboard;
			sourceTree = "<group>";
		};
/* End PBXVariantGroup section */

/* Begin XCBuildConfiguration section */
		392ED6A61EC0C669003EB555 /* Debug */ = {
			isa = XCBuildConfiguration;
			buildSettings = {
				ALWAYS_SEARCH_USER_PATHS = NO;
				CLANG_ANALYZER_NONNULL = YES;
				CLANG_ANALYZER_NUMBER_OBJECT_CONVERSION = YES_AGGRESSIVE;
				CLANG_CXX_LANGUAGE_STANDARD = "gnu++0x";
				CLANG_CXX_LIBRARY = "libc++";
				CLANG_ENABLE_MODULES = YES;
				CLANG_ENABLE_OBJC_ARC = YES;
				CLANG_WARN_BOOL_CONVERSION = YES;
				CLANG_WARN_CONSTANT_CONVERSION = YES;
				CLANG_WARN_DIRECT_OBJC_ISA_USAGE = YES_ERROR;
				CLANG_WARN_DOCUMENTATION_COMMENTS = YES;
				CLANG_WARN_EMPTY_BODY = YES;
				CLANG_WARN_ENUM_CONVERSION = YES;
				CLANG_WARN_INFINITE_RECURSION = YES;
				CLANG_WARN_INT_CONVERSION = YES;
				CLANG_WARN_OBJC_ROOT_CLASS = YES_ERROR;
				CLANG_WARN_SUSPICIOUS_MOVE = YES;
				CLANG_WARN_UNREACHABLE_CODE = YES;
				CLANG_WARN__DUPLICATE_METHOD_MATCH = YES;
				"CODE_SIGN_IDENTITY[sdk=iphoneos*]" = "iPhone Developer";
				COPY_PHASE_STRIP = NO;
				DEBUG_INFORMATION_FORMAT = dwarf;
				ENABLE_STRICT_OBJC_MSGSEND = YES;
				ENABLE_TESTABILITY = YES;
				GCC_C_LANGUAGE_STANDARD = gnu99;
				GCC_DYNAMIC_NO_PIC = NO;
				GCC_NO_COMMON_BLOCKS = YES;
				GCC_OPTIMIZATION_LEVEL = 0;
				GCC_PREPROCESSOR_DEFINITIONS = (
					"DEBUG=1",
					"$(inherited)",
				);
				GCC_WARN_64_TO_32_BIT_CONVERSION = YES;
				GCC_WARN_ABOUT_RETURN_TYPE = YES_ERROR;
				GCC_WARN_UNDECLARED_SELECTOR = YES;
				GCC_WARN_UNINITIALIZED_AUTOS = YES_AGGRESSIVE;
				GCC_WARN_UNUSED_FUNCTION = YES;
				GCC_WARN_UNUSED_VARIABLE = YES;
				IPHONEOS_DEPLOYMENT_TARGET = 10.3;
				MTL_ENABLE_DEBUG_INFO = YES;
				ONLY_ACTIVE_ARCH = YES;
				SDKROOT = iphoneos;
				SWIFT_ACTIVE_COMPILATION_CONDITIONS = DEBUG;
				SWIFT_OPTIMIZATION_LEVEL = "-Onone";
				TARGETED_DEVICE_FAMILY = "1,2";
			};
			name = Debug;
		};
		392ED6A71EC0C669003EB555 /* Release */ = {
			isa = XCBuildConfiguration;
			buildSettings = {
				ALWAYS_SEARCH_USER_PATHS = NO;
				CLANG_ANALYZER_NONNULL = YES;
				CLANG_ANALYZER_NUMBER_OBJECT_CONVERSION = YES_AGGRESSIVE;
				CLANG_CXX_LANGUAGE_STANDARD = "gnu++0x";
				CLANG_CXX_LIBRARY = "libc++";
				CLANG_ENABLE_MODULES = YES;
				CLANG_ENABLE_OBJC_ARC = YES;
				CLANG_WARN_BOOL_CONVERSION = YES;
				CLANG_WARN_CONSTANT_CONVERSION = YES;
				CLANG_WARN_DIRECT_OBJC_ISA_USAGE = YES_ERROR;
				CLANG_WARN_DOCUMENTATION_COMMENTS = YES;
				CLANG_WARN_EMPTY_BODY = YES;
				CLANG_WARN_ENUM_CONVERSION = YES;
				CLANG_WARN_INFINITE_RECURSION = YES;
				CLANG_WARN_INT_CONVERSION = YES;
				CLANG_WARN_OBJC_ROOT_CLASS = YES_ERROR;
				CLANG_WARN_SUSPICIOUS_MOVE = YES;
				CLANG_WARN_UNREACHABLE_CODE = YES;
				CLANG_WARN__DUPLICATE_METHOD_MATCH = YES;
				"CODE_SIGN_IDENTITY[sdk=iphoneos*]" = "iPhone Developer";
				COPY_PHASE_STRIP = NO;
				DEBUG_INFORMATION_FORMAT = "dwarf-with-dsym";
				ENABLE_NS_ASSERTIONS = NO;
				ENABLE_STRICT_OBJC_MSGSEND = YES;
				GCC_C_LANGUAGE_STANDARD = gnu99;
				GCC_NO_COMMON_BLOCKS = YES;
				GCC_WARN_64_TO_32_BIT_CONVERSION = YES;
				GCC_WARN_ABOUT_RETURN_TYPE = YES_ERROR;
				GCC_WARN_UNDECLARED_SELECTOR = YES;
				GCC_WARN_UNINITIALIZED_AUTOS = YES_AGGRESSIVE;
				GCC_WARN_UNUSED_FUNCTION = YES;
				GCC_WARN_UNUSED_VARIABLE = YES;
				IPHONEOS_DEPLOYMENT_TARGET = 10.3;
				MTL_ENABLE_DEBUG_INFO = NO;
				SDKROOT = iphoneos;
				SWIFT_OPTIMIZATION_LEVEL = "-Owholemodule";
				TARGETED_DEVICE_FAMILY = "1,2";
				VALIDATE_PRODUCT = YES;
			};
			name = Release;
		};
		392ED6A91EC0C669003EB555 /* Debug */ = {
			isa = XCBuildConfiguration;
			baseConfigurationReference = 648A6A0C49A0EDB725490113 /* Pods-prototype04.debug.xcconfig */;
			buildSettings = {
				ASSETCATALOG_COMPILER_APPICON_NAME = AppIcon;
				ASSETCATALOG_COMPILER_LAUNCHIMAGE_NAME = LaunchImage;
				"CODE_SIGN_IDENTITY[sdk=iphoneos*]" = "iPhone Developer";
				DEVELOPMENT_TEAM = PNV979YSS5;
				INFOPLIST_FILE = prototype04/Info.plist;
				IPHONEOS_DEPLOYMENT_TARGET = 10.0;
				LD_RUNPATH_SEARCH_PATHS = "$(inherited) @executable_path/Frameworks";
				PRODUCT_BUNDLE_IDENTIFIER = com.zakiyamaaaaa.pengy;
				PRODUCT_NAME = "$(TARGET_NAME)";
				PROVISIONING_PROFILE = "";
				PROVISIONING_PROFILE_SPECIFIER = "";
				SWIFT_VERSION = 3.0;
				TARGETED_DEVICE_FAMILY = "1,2";
			};
			name = Debug;
		};
		392ED6AA1EC0C669003EB555 /* Release */ = {
			isa = XCBuildConfiguration;
			baseConfigurationReference = FE8D2EDCCEEEEC9EB0A28F04 /* Pods-prototype04.release.xcconfig */;
			buildSettings = {
				ASSETCATALOG_COMPILER_APPICON_NAME = AppIcon;
				ASSETCATALOG_COMPILER_LAUNCHIMAGE_NAME = LaunchImage;
				"CODE_SIGN_IDENTITY[sdk=iphoneos*]" = "iPhone Developer";
				DEVELOPMENT_TEAM = PNV979YSS5;
				INFOPLIST_FILE = prototype04/Info.plist;
				IPHONEOS_DEPLOYMENT_TARGET = 10.0;
				LD_RUNPATH_SEARCH_PATHS = "$(inherited) @executable_path/Frameworks";
				PRODUCT_BUNDLE_IDENTIFIER = com.zakiyamaaaaa.pengy;
				PRODUCT_NAME = "$(TARGET_NAME)";
				PROVISIONING_PROFILE = "";
				PROVISIONING_PROFILE_SPECIFIER = "";
				SWIFT_VERSION = 3.0;
				TARGETED_DEVICE_FAMILY = "1,2";
			};
			name = Release;
		};
		392ED6AC1EC0C669003EB555 /* Debug */ = {
			isa = XCBuildConfiguration;
			baseConfigurationReference = A684348ECD18D4835F96DC8F /* Pods-prototype04Tests.debug.xcconfig */;
			buildSettings = {
				ALWAYS_EMBED_SWIFT_STANDARD_LIBRARIES = YES;
				BUNDLE_LOADER = "$(TEST_HOST)";
				DEVELOPMENT_TEAM = Q5HUKBE6ZQ;
				INFOPLIST_FILE = prototype04Tests/Info.plist;
				LD_RUNPATH_SEARCH_PATHS = "$(inherited) @executable_path/Frameworks @loader_path/Frameworks";
				PRODUCT_BUNDLE_IDENTIFIER = zakiyamaaaaa.prototype04Tests;
				PRODUCT_NAME = "$(TARGET_NAME)";
				SWIFT_VERSION = 3.0;
				TEST_HOST = "$(BUILT_PRODUCTS_DIR)/prototype04.app/prototype04";
			};
			name = Debug;
		};
		392ED6AD1EC0C669003EB555 /* Release */ = {
			isa = XCBuildConfiguration;
			baseConfigurationReference = 8B816D71B5D0CEF59BA72A71 /* Pods-prototype04Tests.release.xcconfig */;
			buildSettings = {
				ALWAYS_EMBED_SWIFT_STANDARD_LIBRARIES = YES;
				BUNDLE_LOADER = "$(TEST_HOST)";
				DEVELOPMENT_TEAM = Q5HUKBE6ZQ;
				INFOPLIST_FILE = prototype04Tests/Info.plist;
				LD_RUNPATH_SEARCH_PATHS = "$(inherited) @executable_path/Frameworks @loader_path/Frameworks";
				PRODUCT_BUNDLE_IDENTIFIER = zakiyamaaaaa.prototype04Tests;
				PRODUCT_NAME = "$(TARGET_NAME)";
				SWIFT_VERSION = 3.0;
				TEST_HOST = "$(BUILT_PRODUCTS_DIR)/prototype04.app/prototype04";
			};
			name = Release;
		};
		392ED6AF1EC0C669003EB555 /* Debug */ = {
			isa = XCBuildConfiguration;
			baseConfigurationReference = FB7D188F50BDC9C05287C2DF /* Pods-prototype04UITests.debug.xcconfig */;
			buildSettings = {
				ALWAYS_EMBED_SWIFT_STANDARD_LIBRARIES = YES;
				DEVELOPMENT_TEAM = Q5HUKBE6ZQ;
				INFOPLIST_FILE = prototype04UITests/Info.plist;
				LD_RUNPATH_SEARCH_PATHS = "$(inherited) @executable_path/Frameworks @loader_path/Frameworks";
				PRODUCT_BUNDLE_IDENTIFIER = zakiyamaaaaa.prototype04UITests;
				PRODUCT_NAME = "$(TARGET_NAME)";
				SWIFT_VERSION = 3.0;
				TEST_TARGET_NAME = prototype04;
			};
			name = Debug;
		};
		392ED6B01EC0C669003EB555 /* Release */ = {
			isa = XCBuildConfiguration;
			baseConfigurationReference = 84CBFA047EBCBD7E1998B2F0 /* Pods-prototype04UITests.release.xcconfig */;
			buildSettings = {
				ALWAYS_EMBED_SWIFT_STANDARD_LIBRARIES = YES;
				DEVELOPMENT_TEAM = Q5HUKBE6ZQ;
				INFOPLIST_FILE = prototype04UITests/Info.plist;
				LD_RUNPATH_SEARCH_PATHS = "$(inherited) @executable_path/Frameworks @loader_path/Frameworks";
				PRODUCT_BUNDLE_IDENTIFIER = zakiyamaaaaa.prototype04UITests;
				PRODUCT_NAME = "$(TARGET_NAME)";
				SWIFT_VERSION = 3.0;
				TEST_TARGET_NAME = prototype04;
			};
			name = Release;
		};
/* End XCBuildConfiguration section */

/* Begin XCConfigurationList section */
		392ED67B1EC0C669003EB555 /* Build configuration list for PBXProject "prototype04" */ = {
			isa = XCConfigurationList;
			buildConfigurations = (
				392ED6A61EC0C669003EB555 /* Debug */,
				392ED6A71EC0C669003EB555 /* Release */,
			);
			defaultConfigurationIsVisible = 0;
			defaultConfigurationName = Release;
		};
		392ED6A81EC0C669003EB555 /* Build configuration list for PBXNativeTarget "prototype04" */ = {
			isa = XCConfigurationList;
			buildConfigurations = (
				392ED6A91EC0C669003EB555 /* Debug */,
				392ED6AA1EC0C669003EB555 /* Release */,
			);
			defaultConfigurationIsVisible = 0;
			defaultConfigurationName = Release;
		};
		392ED6AB1EC0C669003EB555 /* Build configuration list for PBXNativeTarget "prototype04Tests" */ = {
			isa = XCConfigurationList;
			buildConfigurations = (
				392ED6AC1EC0C669003EB555 /* Debug */,
				392ED6AD1EC0C669003EB555 /* Release */,
			);
			defaultConfigurationIsVisible = 0;
			defaultConfigurationName = Release;
		};
		392ED6AE1EC0C669003EB555 /* Build configuration list for PBXNativeTarget "prototype04UITests" */ = {
			isa = XCConfigurationList;
			buildConfigurations = (
				392ED6AF1EC0C669003EB555 /* Debug */,
				392ED6B01EC0C669003EB555 /* Release */,
			);
			defaultConfigurationIsVisible = 0;
			defaultConfigurationName = Release;
		};
/* End XCConfigurationList section */
	};
	rootObject = 392ED6781EC0C669003EB555 /* Project object */;
}
